
Microsoft Visual Studio Solution File, Format Version 12.00
# Visual Studio 15
VisualStudioVersion = 15.0.26124.0
MinimumVisualStudioVersion = 15.0.26124.0
Project("{2150E333-8FDC-42A3-9474-1A3956D46DE8}") = "Angus.Bills.Initializers", "Angus.Bills.Initializers", "{5B5CDF06-453B-4B80-A887-BB6DB08F0494}"
EndProject
Project("{2150E333-8FDC-42A3-9474-1A3956D46DE8}") = "src", "src", "{9A62275C-32E9-4B90-BBDF-68DFF2E10DAA}"
EndProject
Project("{FAE04EC0-301F-11D3-BF4B-00C04F79EFBC}") = "Angus.Bills.Initializers", "Angus.Bills.Initializers\src\Angus.Bills.Initializers\Angus.Bills.Initializers.csproj", "{0473F719-2FB8-42A1-A78D-C94339126A5C}"
EndProject
Project("{2150E333-8FDC-42A3-9474-1A3956D46DE8}") = "Angus.Bills.Persistence.MongoDB", "Angus.Bills.Persistence.MongoDB", "{2BC2AEC5-9A08-4A01-AD0C-05FD2D00B501}"
EndProject
Project("{2150E333-8FDC-42A3-9474-1A3956D46DE8}") = "src", "src", "{A2E08308-4E37-43A9-83D1-446D01C54976}"
EndProject
Project("{FAE04EC0-301F-11D3-BF4B-00C04F79EFBC}") = "Angus.Bills.Persistence.MongoDB", "Angus.Bills.Persistence.MongoDB\src\Angus.Bills.Persistence.MongoDB\Angus.Bills.Persistence.MongoDB.csproj", "{D12546E9-DDCA-43A9-8E72-22875D23224C}"
EndProject
Project("{2150E333-8FDC-42A3-9474-1A3956D46DE8}") = "Angus.Bills.Persistence.Redis", "Angus.Bills.Persistence.Redis", "{5476B1C9-6F60-4D5F-B5DA-184E6285A207}"
EndProject
Project("{2150E333-8FDC-42A3-9474-1A3956D46DE8}") = "src", "src", "{1DFFD88E-4C50-4159-B131-FDC7E8237C4C}"
EndProject
Project("{FAE04EC0-301F-11D3-BF4B-00C04F79EFBC}") = "Angus.Bills.Persistence.Redis", "Angus.Bills.Persistence.Redis\src\Angus.Bills.Persistence.Redis\Angus.Bills.Persistence.Redis.csproj", "{62711302-3D6B-4343-AAA1-3FA9AD0E2251}"
EndProject
Project("{2150E333-8FDC-42A3-9474-1A3956D46DE8}") = "Angus.Bills.Types.Queries", "Angus.Bills.Types.Queries", "{C5C1AE94-C3A3-4513-82F1-058DEBB3B5D1}"
EndProject
Project("{2150E333-8FDC-42A3-9474-1A3956D46DE8}") = "src", "src", "{055682E0-A3C5-4901-A1C8-D2345CE66476}"
EndProject
Project("{FAE04EC0-301F-11D3-BF4B-00C04F79EFBC}") = "Angus.Bills.Types.Queries", "Angus.Bills.Types.Queries\src\Angus.Bills.Types.Queries\Angus.Bills.Types.Queries.csproj", "{5F93DE0B-4618-4DB6-81AA-D44B9509612F}"
EndProject
Project("{2150E333-8FDC-42A3-9474-1A3956D46DE8}") = "Angus.Bills.Logging", "Angus.Bills.Logging", "{31109734-7F71-4CF9-B4DD-73F144CD4D63}"
EndProject
Project("{2150E333-8FDC-42A3-9474-1A3956D46DE8}") = "src", "src", "{0C8E5EC4-821E-4B57-9F9F-DE8BB396C2A8}"
EndProject
Project("{FAE04EC0-301F-11D3-BF4B-00C04F79EFBC}") = "Angus.Bills.Logging", "Angus.Bills.Logging\src\Angus.Bills.Logging\Angus.Bills.Logging.csproj", "{4A28127A-5C9E-4A1E-85DA-D96F2F6C12DD}"
EndProject
Global
	GlobalSection(SolutionConfigurationPlatforms) = preSolution
		Debug|Any CPU = Debug|Any CPU
		Debug|x64 = Debug|x64
		Debug|x86 = Debug|x86
		Release|Any CPU = Release|Any CPU
		Release|x64 = Release|x64
		Release|x86 = Release|x86
	EndGlobalSection
	GlobalSection(SolutionProperties) = preSolution
		HideSolutionNode = FALSE
	EndGlobalSection
	GlobalSection(ProjectConfigurationPlatforms) = postSolution
		{0473F719-2FB8-42A1-A78D-C94339126A5C}.Debug|Any CPU.ActiveCfg = Debug|Any CPU
		{0473F719-2FB8-42A1-A78D-C94339126A5C}.Debug|Any CPU.Build.0 = Debug|Any CPU
		{0473F719-2FB8-42A1-A78D-C94339126A5C}.Debug|x64.ActiveCfg = Debug|Any CPU
		{0473F719-2FB8-42A1-A78D-C94339126A5C}.Debug|x64.Build.0 = Debug|Any CPU
		{0473F719-2FB8-42A1-A78D-C94339126A5C}.Debug|x86.ActiveCfg = Debug|Any CPU
		{0473F719-2FB8-42A1-A78D-C94339126A5C}.Debug|x86.Build.0 = Debug|Any CPU
		{0473F719-2FB8-42A1-A78D-C94339126A5C}.Release|Any CPU.ActiveCfg = Release|Any CPU
		{0473F719-2FB8-42A1-A78D-C94339126A5C}.Release|Any CPU.Build.0 = Release|Any CPU
		{0473F719-2FB8-42A1-A78D-C94339126A5C}.Release|x64.ActiveCfg = Release|Any CPU
		{0473F719-2FB8-42A1-A78D-C94339126A5C}.Release|x64.Build.0 = Release|Any CPU
		{0473F719-2FB8-42A1-A78D-C94339126A5C}.Release|x86.ActiveCfg = Release|Any CPU
		{0473F719-2FB8-42A1-A78D-C94339126A5C}.Release|x86.Build.0 = Release|Any CPU
		{D12546E9-DDCA-43A9-8E72-22875D23224C}.Debug|Any CPU.ActiveCfg = Debug|Any CPU
		{D12546E9-DDCA-43A9-8E72-22875D23224C}.Debug|Any CPU.Build.0 = Debug|Any CPU
		{D12546E9-DDCA-43A9-8E72-22875D23224C}.Debug|x64.ActiveCfg = Debug|Any CPU
		{D12546E9-DDCA-43A9-8E72-22875D23224C}.Debug|x64.Build.0 = Debug|Any CPU
		{D12546E9-DDCA-43A9-8E72-22875D23224C}.Debug|x86.ActiveCfg = Debug|Any CPU
		{D12546E9-DDCA-43A9-8E72-22875D23224C}.Debug|x86.Build.0 = Debug|Any CPU
		{D12546E9-DDCA-43A9-8E72-22875D23224C}.Release|Any CPU.ActiveCfg = Release|Any CPU
		{D12546E9-DDCA-43A9-8E72-22875D23224C}.Release|Any CPU.Build.0 = Release|Any CPU
		{D12546E9-DDCA-43A9-8E72-22875D23224C}.Release|x64.ActiveCfg = Release|Any CPU
		{D12546E9-DDCA-43A9-8E72-22875D23224C}.Release|x64.Build.0 = Release|Any CPU
		{D12546E9-DDCA-43A9-8E72-22875D23224C}.Release|x86.ActiveCfg = Release|Any CPU
		{D12546E9-DDCA-43A9-8E72-22875D23224C}.Release|x86.Build.0 = Release|Any CPU
		{62711302-3D6B-4343-AAA1-3FA9AD0E2251}.Debug|Any CPU.ActiveCfg = Debug|Any CPU
		{62711302-3D6B-4343-AAA1-3FA9AD0E2251}.Debug|Any CPU.Build.0 = Debug|Any CPU
		{62711302-3D6B-4343-AAA1-3FA9AD0E2251}.Debug|x64.ActiveCfg = Debug|Any CPU
		{62711302-3D6B-4343-AAA1-3FA9AD0E2251}.Debug|x64.Build.0 = Debug|Any CPU
		{62711302-3D6B-4343-AAA1-3FA9AD0E2251}.Debug|x86.ActiveCfg = Debug|Any CPU
		{62711302-3D6B-4343-AAA1-3FA9AD0E2251}.Debug|x86.Build.0 = Debug|Any CPU
		{62711302-3D6B-4343-AAA1-3FA9AD0E2251}.Release|Any CPU.ActiveCfg = Release|Any CPU
		{62711302-3D6B-4343-AAA1-3FA9AD0E2251}.Release|Any CPU.Build.0 = Release|Any CPU
		{62711302-3D6B-4343-AAA1-3FA9AD0E2251}.Release|x64.ActiveCfg = Release|Any CPU
		{62711302-3D6B-4343-AAA1-3FA9AD0E2251}.Release|x64.Build.0 = Release|Any CPU
		{62711302-3D6B-4343-AAA1-3FA9AD0E2251}.Release|x86.ActiveCfg = Release|Any CPU
		{62711302-3D6B-4343-AAA1-3FA9AD0E2251}.Release|x86.Build.0 = Release|Any CPU
		{5F93DE0B-4618-4DB6-81AA-D44B9509612F}.Debug|Any CPU.ActiveCfg = Debug|Any CPU
		{5F93DE0B-4618-4DB6-81AA-D44B9509612F}.Debug|Any CPU.Build.0 = Debug|Any CPU
		{5F93DE0B-4618-4DB6-81AA-D44B9509612F}.Debug|x64.ActiveCfg = Debug|Any CPU
		{5F93DE0B-4618-4DB6-81AA-D44B9509612F}.Debug|x64.Build.0 = Debug|Any CPU
		{5F93DE0B-4618-4DB6-81AA-D44B9509612F}.Debug|x86.ActiveCfg = Debug|Any CPU
		{5F93DE0B-4618-4DB6-81AA-D44B9509612F}.Debug|x86.Build.0 = Debug|Any CPU
		{5F93DE0B-4618-4DB6-81AA-D44B9509612F}.Release|Any CPU.ActiveCfg = Release|Any CPU
		{5F93DE0B-4618-4DB6-81AA-D44B9509612F}.Release|Any CPU.Build.0 = Release|Any CPU
		{5F93DE0B-4618-4DB6-81AA-D44B9509612F}.Release|x64.ActiveCfg = Release|Any CPU
		{5F93DE0B-4618-4DB6-81AA-D44B9509612F}.Release|x64.Build.0 = Release|Any CPU
		{5F93DE0B-4618-4DB6-81AA-D44B9509612F}.Release|x86.ActiveCfg = Release|Any CPU
		{5F93DE0B-4618-4DB6-81AA-D44B9509612F}.Release|x86.Build.0 = Release|Any CPU
		{4A28127A-5C9E-4A1E-85DA-D96F2F6C12DD}.Debug|Any CPU.ActiveCfg = Debug|Any CPU
		{4A28127A-5C9E-4A1E-85DA-D96F2F6C12DD}.Debug|Any CPU.Build.0 = Debug|Any CPU
		{4A28127A-5C9E-4A1E-85DA-D96F2F6C12DD}.Debug|x64.ActiveCfg = Debug|Any CPU
		{4A28127A-5C9E-4A1E-85DA-D96F2F6C12DD}.Debug|x64.Build.0 = Debug|Any CPU
		{4A28127A-5C9E-4A1E-85DA-D96F2F6C12DD}.Debug|x86.ActiveCfg = Debug|Any CPU
		{4A28127A-5C9E-4A1E-85DA-D96F2F6C12DD}.Debug|x86.Build.0 = Debug|Any CPU
		{4A28127A-5C9E-4A1E-85DA-D96F2F6C12DD}.Release|Any CPU.ActiveCfg = Release|Any CPU
		{4A28127A-5C9E-4A1E-85DA-D96F2F6C12DD}.Release|Any CPU.Build.0 = Release|Any CPU
		{4A28127A-5C9E-4A1E-85DA-D96F2F6C12DD}.Release|x64.ActiveCfg = Release|Any CPU
		{4A28127A-5C9E-4A1E-85DA-D96F2F6C12DD}.Release|x64.Build.0 = Release|Any CPU
		{4A28127A-5C9E-4A1E-85DA-D96F2F6C12DD}.Release|x86.ActiveCfg = Release|Any CPU
		{4A28127A-5C9E-4A1E-85DA-D96F2F6C12DD}.Release|x86.Build.0 = Release|Any CPU
	EndGlobalSection
	GlobalSection(NestedProjects) = preSolution
		{9A62275C-32E9-4B90-BBDF-68DFF2E10DAA} = {5B5CDF06-453B-4B80-A887-BB6DB08F0494}
		{0473F719-2FB8-42A1-A78D-C94339126A5C} = {9A62275C-32E9-4B90-BBDF-68DFF2E10DAA}
		{A2E08308-4E37-43A9-83D1-446D01C54976} = {2BC2AEC5-9A08-4A01-AD0C-05FD2D00B501}
		{D12546E9-DDCA-43A9-8E72-22875D23224C} = {A2E08308-4E37-43A9-83D1-446D01C54976}
		{1DFFD88E-4C50-4159-B131-FDC7E8237C4C} = {5476B1C9-6F60-4D5F-B5DA-184E6285A207}
		{62711302-3D6B-4343-AAA1-3FA9AD0E2251} = {1DFFD88E-4C50-4159-B131-FDC7E8237C4C}
		{055682E0-A3C5-4901-A1C8-D2345CE66476} = {C5C1AE94-C3A3-4513-82F1-058DEBB3B5D1}
		{5F93DE0B-4618-4DB6-81AA-D44B9509612F} = {055682E0-A3C5-4901-A1C8-D2345CE66476}
		{0C8E5EC4-821E-4B57-9F9F-DE8BB396C2A8} = {31109734-7F71-4CF9-B4DD-73F144CD4D63}
		{4A28127A-5C9E-4A1E-85DA-D96F2F6C12DD} = {0C8E5EC4-821E-4B57-9F9F-DE8BB396C2A8}
	EndGlobalSection
EndGlobal
