
Microsoft Visual Studio Solution File, Format Version 12.00
# Visual Studio 15
VisualStudioVersion = 15.0.26124.0
MinimumVisualStudioVersion = 15.0.26124.0
Project("{2150E333-8FDC-42A3-9474-1A3956D46DE8}") = "Angus.Bills.Initializers", "Angus.Bills.Initializers", "{5B5CDF06-453B-4B80-A887-BB6DB08F0494}"
EndProject
Project("{2150E333-8FDC-42A3-9474-1A3956D46DE8}") = "src", "src", "{9A62275C-32E9-4B90-BBDF-68DFF2E10DAA}"
EndProject
Project("{FAE04EC0-301F-11D3-BF4B-00C04F79EFBC}") = "Angus.Bills.Initializers", "Angus.Bills.Initializers\src\Angus.Bills.Initializers\Angus.Bills.Initializers.csproj", "{0473F719-2FB8-42A1-A78D-C94339126A5C}"
EndProject
Project("{2150E333-8FDC-42A3-9474-1A3956D46DE8}") = "Angus.Bills.Persistence.MongoDB", "Angus.Bills.Persistence.MongoDB", "{2BC2AEC5-9A08-4A01-AD0C-05FD2D00B501}"
EndProject
Project("{2150E333-8FDC-42A3-9474-1A3956D46DE8}") = "src", "src", "{A2E08308-4E37-43A9-83D1-446D01C54976}"
EndProject
Project("{FAE04EC0-301F-11D3-BF4B-00C04F79EFBC}") = "Angus.Bills.Persistence.MongoDB", "Angus.Bills.Persistence.MongoDB\src\Angus.Bills.Persistence.MongoDB\Angus.Bills.Persistence.MongoDB.csproj", "{D12546E9-DDCA-43A9-8E72-22875D23224C}"
EndProject
Project("{2150E333-8FDC-42A3-9474-1A3956D46DE8}") = "Angus.Bills.Persistence.Redis", "Angus.Bills.Persistence.Redis", "{5476B1C9-6F60-4D5F-B5DA-184E6285A207}"
EndProject
Project("{2150E333-8FDC-42A3-9474-1A3956D46DE8}") = "src", "src", "{1DFFD88E-4C50-4159-B131-FDC7E8237C4C}"
EndProject
Project("{FAE04EC0-301F-11D3-BF4B-00C04F79EFBC}") = "Angus.Bills.Persistence.Redis", "Angus.Bills.Persistence.Redis\src\Angus.Bills.Persistence.Redis\Angus.Bills.Persistence.Redis.csproj", "{62711302-3D6B-4343-AAA1-3FA9AD0E2251}"
EndProject
Project("{2150E333-8FDC-42A3-9474-1A3956D46DE8}") = "Angus.Bills.Types.Queries", "Angus.Bills.Types.Queries", "{C5C1AE94-C3A3-4513-82F1-058DEBB3B5D1}"
EndProject
Project("{2150E333-8FDC-42A3-9474-1A3956D46DE8}") = "src", "src", "{055682E0-A3C5-4901-A1C8-D2345CE66476}"
EndProject
Project("{FAE04EC0-301F-11D3-BF4B-00C04F79EFBC}") = "Angus.Bills.Types.Queries", "Angus.Bills.Types.Queries\src\Angus.Bills.Types.Queries\Angus.Bills.Types.Queries.csproj", "{5F93DE0B-4618-4DB6-81AA-D44B9509612F}"
EndProject
Project("{2150E333-8FDC-42A3-9474-1A3956D46DE8}") = "Angus.Bills.Logging", "Angus.Bills.Logging", "{31109734-7F71-4CF9-B4DD-73F144CD4D63}"
EndProject
Project("{2150E333-8FDC-42A3-9474-1A3956D46DE8}") = "src", "src", "{0C8E5EC4-821E-4B57-9F9F-DE8BB396C2A8}"
EndProject
Project("{FAE04EC0-301F-11D3-BF4B-00C04F79EFBC}") = "Angus.Bills.Logging", "Angus.Bills.Logging\src\Angus.Bills.Logging\Angus.Bills.Logging.csproj", "{4A28127A-5C9E-4A1E-85DA-D96F2F6C12DD}"
EndProject
Project("{2150E333-8FDC-42A3-9474-1A3956D46DE8}") = "Angus.Bills.WebApi", "Angus.Bills.WebApi", "{64241C7F-FF9D-4228-AB54-46C99D5603E5}"
EndProject
Project("{2150E333-8FDC-42A3-9474-1A3956D46DE8}") = "src", "src", "{C47B5E40-16BB-4B12-9ECB-4CE355F0D517}"
EndProject
Project("{FAE04EC0-301F-11D3-BF4B-00C04F79EFBC}") = "Angus.Bills.WebApi", "Angus.Bills.WebApi\src\Angus.Bills.WebApi\Angus.Bills.WebApi.csproj", "{02C6B9C8-5061-4514-A146-03407EDD3CDB}"
EndProject
Project("{2150E333-8FDC-42A3-9474-1A3956D46DE8}") = "Angus.Bills.WebApi.Swagger", "Angus.Bills.WebApi.Swagger", "{E5F741EB-014F-4AC2-9B87-3EE868AD10D2}"
EndProject
Project("{2150E333-8FDC-42A3-9474-1A3956D46DE8}") = "src", "src", "{AEA5F56D-1048-4F20-9A3A-235A5ECFE97B}"
EndProject
Project("{FAE04EC0-301F-11D3-BF4B-00C04F79EFBC}") = "Angus.Bills.WebApi.Swagger", "Angus.Bills.WebApi.Swagger\src\Angus.Bills.WebApi.Swagger\Angus.Bills.WebApi.Swagger.csproj", "{5AD18225-DB95-4E41-8F8F-F415769E2476}"
EndProject
Project("{2150E333-8FDC-42A3-9474-1A3956D46DE8}") = "Angus.Bills.Docs.Swagger", "Angus.Bills.Docs.Swagger", "{82BDBF54-3D88-42B0-A152-A49385AD0F21}"
EndProject
Project("{2150E333-8FDC-42A3-9474-1A3956D46DE8}") = "src", "src", "{43D8C0D0-D412-4722-93DF-5638FA90482E}"
EndProject
Project("{FAE04EC0-301F-11D3-BF4B-00C04F79EFBC}") = "Angus.Bills.Docs.Swagger", "Angus.Bills.Docs.Swagger\src\Angus.Bills.Docs.Swagger\Angus.Bills.Docs.Swagger.csproj", "{DDB985B0-C596-4F11-95EC-CCE5009DD39A}"
EndProject
Project("{2150E333-8FDC-42A3-9474-1A3956D46DE8}") = "Angus.Bills.HTTP.HttpClient", "Angus.Bills.HTTP.HttpClient", "{CD940C71-1D8E-4805-95C3-337BCA0A2201}"
EndProject
Project("{2150E333-8FDC-42A3-9474-1A3956D46DE8}") = "src", "src", "{05B6BBC6-DF2A-4029-9B90-EEE0183B196A}"
EndProject
Project("{FAE04EC0-301F-11D3-BF4B-00C04F79EFBC}") = "Angus.Bills.HTTP.HttpClient", "Angus.Bills.HTTP.HttpClient\src\Angus.Bills.HTTP.HttpClient\Angus.Bills.HTTP.HttpClient.csproj", "{96442830-1866-4B31-A967-81AE4BD8F64B}"
EndProject
Project("{2150E333-8FDC-42A3-9474-1A3956D46DE8}") = "Angus.Bills.HTTP.RestEase", "Angus.Bills.HTTP.RestEase", "{3D2CF113-F2BA-406A-BBDC-74EC7729C698}"
EndProject
Project("{2150E333-8FDC-42A3-9474-1A3956D46DE8}") = "src", "src", "{EFDE2F7D-CCF5-43B4-910D-68D611E7EDC7}"
EndProject
Project("{FAE04EC0-301F-11D3-BF4B-00C04F79EFBC}") = "Angus.Bills.HTTP.RestEase", "Angus.Bills.HTTP.RestEase\src\Angus.Bills.HTTP.RestEase\Angus.Bills.HTTP.RestEase.csproj", "{F395FFC7-3C1B-486A-8231-335CF1ADBD5D}"
EndProject
Project("{2150E333-8FDC-42A3-9474-1A3956D46DE8}") = "Angus.Bills.LoadBalancing.Fabio", "Angus.Bills.LoadBalancing.Fabio", "{8105F7A0-D61E-482E-9259-F9BF36885A17}"
EndProject
Project("{2150E333-8FDC-42A3-9474-1A3956D46DE8}") = "src", "src", "{BC2F78B3-9657-44C8-B891-FFE9A9151FE2}"
EndProject
Project("{FAE04EC0-301F-11D3-BF4B-00C04F79EFBC}") = "Angus.Bills.LoadBalancing.Fabio", "Angus.Bills.LoadBalancing.Fabio\src\Angus.Bills.LoadBalancing.Fabio\Angus.Bills.LoadBalancing.Fabio.csproj", "{A152C002-8640-44FC-9242-009271100471}"
EndProject
Project("{2150E333-8FDC-42A3-9474-1A3956D46DE8}") = "Angus.Bills.Discovery.Consul", "Angus.Bills.Discovery.Consul", "{279574EE-54A5-4DF5-BC26-57FAE1A51DCA}"
EndProject
Project("{2150E333-8FDC-42A3-9474-1A3956D46DE8}") = "src", "src", "{48D5DB99-7E30-4D06-9FAF-FFA4BE30C013}"
EndProject
Project("{FAE04EC0-301F-11D3-BF4B-00C04F79EFBC}") = "Angus.Bills.Discovery.Consul", "Angus.Bills.Discovery.Consul\src\Angus.Bills.Discovery.Consul\Angus.Bills.Discovery.Consul.csproj", "{F48C0EE2-E015-4E31-B442-37646A5D8FFF}"
EndProject
Project("{2150E333-8FDC-42A3-9474-1A3956D46DE8}") = "Angus.Bills.Auth", "Angus.Bills.Auth", "{1E16755B-2009-4FFA-B604-3FC11F04CA37}"
EndProject
Project("{2150E333-8FDC-42A3-9474-1A3956D46DE8}") = "src", "src", "{453DB7CD-982D-430E-B486-6414A521BB03}"
EndProject
Project("{FAE04EC0-301F-11D3-BF4B-00C04F79EFBC}") = "Angus.Bills.Auth", "Angus.Bills.Auth\src\Angus.Bills.Auth\Angus.Bills.Auth.csproj", "{2A63441F-386C-456C-9B80-8F46BB0ECE6B}"
EndProject
Project("{2150E333-8FDC-42A3-9474-1A3956D46DE8}") = "Angus.Bills.Auth.Distributed", "Angus.Bills.Auth.Distributed", "{9C1EB6C9-61F0-4BD0-8ABF-14B4B388C5A2}"
EndProject
Project("{2150E333-8FDC-42A3-9474-1A3956D46DE8}") = "src", "src", "{01274FB2-4DAB-4363-A8B2-14C40D7180F8}"
EndProject
Project("{FAE04EC0-301F-11D3-BF4B-00C04F79EFBC}") = "Angus.Bills.Auth.Distributed", "Angus.Bills.Auth.Distributed\src\Angus.Bills.Auth.Distributed\Angus.Bills.Auth.Distributed.csproj", "{A8C7F488-CB1C-49BD-933A-C70AD8397811}"
EndProject
Project("{2150E333-8FDC-42A3-9474-1A3956D46DE8}") = "Angus.Bills.WebApi.Security", "Angus.Bills.WebApi.Security", "{52DB34DD-66C7-4738-B9FD-6D032B6F63C1}"
EndProject
Project("{2150E333-8FDC-42A3-9474-1A3956D46DE8}") = "src", "src", "{F8653995-C1B3-45CA-87B0-22627239603E}"
EndProject
Project("{FAE04EC0-301F-11D3-BF4B-00C04F79EFBC}") = "Angus.Bills.WebApi.Security", "Angus.Bills.WebApi.Security\src\Angus.Bills.WebApi.Security\Angus.Bills.WebApi.Security.csproj", "{C1420831-D884-4B70-BB9E-755B1BB8A2D6}"
EndProject
Global
	GlobalSection(SolutionConfigurationPlatforms) = preSolution
		Debug|Any CPU = Debug|Any CPU
		Debug|x64 = Debug|x64
		Debug|x86 = Debug|x86
		Release|Any CPU = Release|Any CPU
		Release|x64 = Release|x64
		Release|x86 = Release|x86
	EndGlobalSection
	GlobalSection(SolutionProperties) = preSolution
		HideSolutionNode = FALSE
	EndGlobalSection
	GlobalSection(ProjectConfigurationPlatforms) = postSolution
		{0473F719-2FB8-42A1-A78D-C94339126A5C}.Debug|Any CPU.ActiveCfg = Debug|Any CPU
		{0473F719-2FB8-42A1-A78D-C94339126A5C}.Debug|Any CPU.Build.0 = Debug|Any CPU
		{0473F719-2FB8-42A1-A78D-C94339126A5C}.Debug|x64.ActiveCfg = Debug|Any CPU
		{0473F719-2FB8-42A1-A78D-C94339126A5C}.Debug|x64.Build.0 = Debug|Any CPU
		{0473F719-2FB8-42A1-A78D-C94339126A5C}.Debug|x86.ActiveCfg = Debug|Any CPU
		{0473F719-2FB8-42A1-A78D-C94339126A5C}.Debug|x86.Build.0 = Debug|Any CPU
		{0473F719-2FB8-42A1-A78D-C94339126A5C}.Release|Any CPU.ActiveCfg = Release|Any CPU
		{0473F719-2FB8-42A1-A78D-C94339126A5C}.Release|Any CPU.Build.0 = Release|Any CPU
		{0473F719-2FB8-42A1-A78D-C94339126A5C}.Release|x64.ActiveCfg = Release|Any CPU
		{0473F719-2FB8-42A1-A78D-C94339126A5C}.Release|x64.Build.0 = Release|Any CPU
		{0473F719-2FB8-42A1-A78D-C94339126A5C}.Release|x86.ActiveCfg = Release|Any CPU
		{0473F719-2FB8-42A1-A78D-C94339126A5C}.Release|x86.Build.0 = Release|Any CPU
		{D12546E9-DDCA-43A9-8E72-22875D23224C}.Debug|Any CPU.ActiveCfg = Debug|Any CPU
		{D12546E9-DDCA-43A9-8E72-22875D23224C}.Debug|Any CPU.Build.0 = Debug|Any CPU
		{D12546E9-DDCA-43A9-8E72-22875D23224C}.Debug|x64.ActiveCfg = Debug|Any CPU
		{D12546E9-DDCA-43A9-8E72-22875D23224C}.Debug|x64.Build.0 = Debug|Any CPU
		{D12546E9-DDCA-43A9-8E72-22875D23224C}.Debug|x86.ActiveCfg = Debug|Any CPU
		{D12546E9-DDCA-43A9-8E72-22875D23224C}.Debug|x86.Build.0 = Debug|Any CPU
		{D12546E9-DDCA-43A9-8E72-22875D23224C}.Release|Any CPU.ActiveCfg = Release|Any CPU
		{D12546E9-DDCA-43A9-8E72-22875D23224C}.Release|Any CPU.Build.0 = Release|Any CPU
		{D12546E9-DDCA-43A9-8E72-22875D23224C}.Release|x64.ActiveCfg = Release|Any CPU
		{D12546E9-DDCA-43A9-8E72-22875D23224C}.Release|x64.Build.0 = Release|Any CPU
		{D12546E9-DDCA-43A9-8E72-22875D23224C}.Release|x86.ActiveCfg = Release|Any CPU
		{D12546E9-DDCA-43A9-8E72-22875D23224C}.Release|x86.Build.0 = Release|Any CPU
		{62711302-3D6B-4343-AAA1-3FA9AD0E2251}.Debug|Any CPU.ActiveCfg = Debug|Any CPU
		{62711302-3D6B-4343-AAA1-3FA9AD0E2251}.Debug|Any CPU.Build.0 = Debug|Any CPU
		{62711302-3D6B-4343-AAA1-3FA9AD0E2251}.Debug|x64.ActiveCfg = Debug|Any CPU
		{62711302-3D6B-4343-AAA1-3FA9AD0E2251}.Debug|x64.Build.0 = Debug|Any CPU
		{62711302-3D6B-4343-AAA1-3FA9AD0E2251}.Debug|x86.ActiveCfg = Debug|Any CPU
		{62711302-3D6B-4343-AAA1-3FA9AD0E2251}.Debug|x86.Build.0 = Debug|Any CPU
		{62711302-3D6B-4343-AAA1-3FA9AD0E2251}.Release|Any CPU.ActiveCfg = Release|Any CPU
		{62711302-3D6B-4343-AAA1-3FA9AD0E2251}.Release|Any CPU.Build.0 = Release|Any CPU
		{62711302-3D6B-4343-AAA1-3FA9AD0E2251}.Release|x64.ActiveCfg = Release|Any CPU
		{62711302-3D6B-4343-AAA1-3FA9AD0E2251}.Release|x64.Build.0 = Release|Any CPU
		{62711302-3D6B-4343-AAA1-3FA9AD0E2251}.Release|x86.ActiveCfg = Release|Any CPU
		{62711302-3D6B-4343-AAA1-3FA9AD0E2251}.Release|x86.Build.0 = Release|Any CPU
		{5F93DE0B-4618-4DB6-81AA-D44B9509612F}.Debug|Any CPU.ActiveCfg = Debug|Any CPU
		{5F93DE0B-4618-4DB6-81AA-D44B9509612F}.Debug|Any CPU.Build.0 = Debug|Any CPU
		{5F93DE0B-4618-4DB6-81AA-D44B9509612F}.Debug|x64.ActiveCfg = Debug|Any CPU
		{5F93DE0B-4618-4DB6-81AA-D44B9509612F}.Debug|x64.Build.0 = Debug|Any CPU
		{5F93DE0B-4618-4DB6-81AA-D44B9509612F}.Debug|x86.ActiveCfg = Debug|Any CPU
		{5F93DE0B-4618-4DB6-81AA-D44B9509612F}.Debug|x86.Build.0 = Debug|Any CPU
		{5F93DE0B-4618-4DB6-81AA-D44B9509612F}.Release|Any CPU.ActiveCfg = Release|Any CPU
		{5F93DE0B-4618-4DB6-81AA-D44B9509612F}.Release|Any CPU.Build.0 = Release|Any CPU
		{5F93DE0B-4618-4DB6-81AA-D44B9509612F}.Release|x64.ActiveCfg = Release|Any CPU
		{5F93DE0B-4618-4DB6-81AA-D44B9509612F}.Release|x64.Build.0 = Release|Any CPU
		{5F93DE0B-4618-4DB6-81AA-D44B9509612F}.Release|x86.ActiveCfg = Release|Any CPU
		{5F93DE0B-4618-4DB6-81AA-D44B9509612F}.Release|x86.Build.0 = Release|Any CPU
		{4A28127A-5C9E-4A1E-85DA-D96F2F6C12DD}.Debug|Any CPU.ActiveCfg = Debug|Any CPU
		{4A28127A-5C9E-4A1E-85DA-D96F2F6C12DD}.Debug|Any CPU.Build.0 = Debug|Any CPU
		{4A28127A-5C9E-4A1E-85DA-D96F2F6C12DD}.Debug|x64.ActiveCfg = Debug|Any CPU
		{4A28127A-5C9E-4A1E-85DA-D96F2F6C12DD}.Debug|x64.Build.0 = Debug|Any CPU
		{4A28127A-5C9E-4A1E-85DA-D96F2F6C12DD}.Debug|x86.ActiveCfg = Debug|Any CPU
		{4A28127A-5C9E-4A1E-85DA-D96F2F6C12DD}.Debug|x86.Build.0 = Debug|Any CPU
		{4A28127A-5C9E-4A1E-85DA-D96F2F6C12DD}.Release|Any CPU.ActiveCfg = Release|Any CPU
		{4A28127A-5C9E-4A1E-85DA-D96F2F6C12DD}.Release|Any CPU.Build.0 = Release|Any CPU
		{4A28127A-5C9E-4A1E-85DA-D96F2F6C12DD}.Release|x64.ActiveCfg = Release|Any CPU
		{4A28127A-5C9E-4A1E-85DA-D96F2F6C12DD}.Release|x64.Build.0 = Release|Any CPU
		{4A28127A-5C9E-4A1E-85DA-D96F2F6C12DD}.Release|x86.ActiveCfg = Release|Any CPU
		{4A28127A-5C9E-4A1E-85DA-D96F2F6C12DD}.Release|x86.Build.0 = Release|Any CPU
		{02C6B9C8-5061-4514-A146-03407EDD3CDB}.Debug|Any CPU.ActiveCfg = Debug|Any CPU
		{02C6B9C8-5061-4514-A146-03407EDD3CDB}.Debug|Any CPU.Build.0 = Debug|Any CPU
		{02C6B9C8-5061-4514-A146-03407EDD3CDB}.Debug|x64.ActiveCfg = Debug|Any CPU
		{02C6B9C8-5061-4514-A146-03407EDD3CDB}.Debug|x64.Build.0 = Debug|Any CPU
		{02C6B9C8-5061-4514-A146-03407EDD3CDB}.Debug|x86.ActiveCfg = Debug|Any CPU
		{02C6B9C8-5061-4514-A146-03407EDD3CDB}.Debug|x86.Build.0 = Debug|Any CPU
		{02C6B9C8-5061-4514-A146-03407EDD3CDB}.Release|Any CPU.ActiveCfg = Release|Any CPU
		{02C6B9C8-5061-4514-A146-03407EDD3CDB}.Release|Any CPU.Build.0 = Release|Any CPU
		{02C6B9C8-5061-4514-A146-03407EDD3CDB}.Release|x64.ActiveCfg = Release|Any CPU
		{02C6B9C8-5061-4514-A146-03407EDD3CDB}.Release|x64.Build.0 = Release|Any CPU
		{02C6B9C8-5061-4514-A146-03407EDD3CDB}.Release|x86.ActiveCfg = Release|Any CPU
		{02C6B9C8-5061-4514-A146-03407EDD3CDB}.Release|x86.Build.0 = Release|Any CPU
		{5AD18225-DB95-4E41-8F8F-F415769E2476}.Debug|Any CPU.ActiveCfg = Debug|Any CPU
		{5AD18225-DB95-4E41-8F8F-F415769E2476}.Debug|Any CPU.Build.0 = Debug|Any CPU
		{5AD18225-DB95-4E41-8F8F-F415769E2476}.Debug|x64.ActiveCfg = Debug|Any CPU
		{5AD18225-DB95-4E41-8F8F-F415769E2476}.Debug|x64.Build.0 = Debug|Any CPU
		{5AD18225-DB95-4E41-8F8F-F415769E2476}.Debug|x86.ActiveCfg = Debug|Any CPU
		{5AD18225-DB95-4E41-8F8F-F415769E2476}.Debug|x86.Build.0 = Debug|Any CPU
		{5AD18225-DB95-4E41-8F8F-F415769E2476}.Release|Any CPU.ActiveCfg = Release|Any CPU
		{5AD18225-DB95-4E41-8F8F-F415769E2476}.Release|Any CPU.Build.0 = Release|Any CPU
		{5AD18225-DB95-4E41-8F8F-F415769E2476}.Release|x64.ActiveCfg = Release|Any CPU
		{5AD18225-DB95-4E41-8F8F-F415769E2476}.Release|x64.Build.0 = Release|Any CPU
		{5AD18225-DB95-4E41-8F8F-F415769E2476}.Release|x86.ActiveCfg = Release|Any CPU
		{5AD18225-DB95-4E41-8F8F-F415769E2476}.Release|x86.Build.0 = Release|Any CPU
		{DDB985B0-C596-4F11-95EC-CCE5009DD39A}.Debug|Any CPU.ActiveCfg = Debug|Any CPU
		{DDB985B0-C596-4F11-95EC-CCE5009DD39A}.Debug|Any CPU.Build.0 = Debug|Any CPU
		{DDB985B0-C596-4F11-95EC-CCE5009DD39A}.Debug|x64.ActiveCfg = Debug|Any CPU
		{DDB985B0-C596-4F11-95EC-CCE5009DD39A}.Debug|x64.Build.0 = Debug|Any CPU
		{DDB985B0-C596-4F11-95EC-CCE5009DD39A}.Debug|x86.ActiveCfg = Debug|Any CPU
		{DDB985B0-C596-4F11-95EC-CCE5009DD39A}.Debug|x86.Build.0 = Debug|Any CPU
		{DDB985B0-C596-4F11-95EC-CCE5009DD39A}.Release|Any CPU.ActiveCfg = Release|Any CPU
		{DDB985B0-C596-4F11-95EC-CCE5009DD39A}.Release|Any CPU.Build.0 = Release|Any CPU
		{DDB985B0-C596-4F11-95EC-CCE5009DD39A}.Release|x64.ActiveCfg = Release|Any CPU
		{DDB985B0-C596-4F11-95EC-CCE5009DD39A}.Release|x64.Build.0 = Release|Any CPU
		{DDB985B0-C596-4F11-95EC-CCE5009DD39A}.Release|x86.ActiveCfg = Release|Any CPU
		{DDB985B0-C596-4F11-95EC-CCE5009DD39A}.Release|x86.Build.0 = Release|Any CPU
		{96442830-1866-4B31-A967-81AE4BD8F64B}.Debug|Any CPU.ActiveCfg = Debug|Any CPU
		{96442830-1866-4B31-A967-81AE4BD8F64B}.Debug|Any CPU.Build.0 = Debug|Any CPU
		{96442830-1866-4B31-A967-81AE4BD8F64B}.Debug|x64.ActiveCfg = Debug|Any CPU
		{96442830-1866-4B31-A967-81AE4BD8F64B}.Debug|x64.Build.0 = Debug|Any CPU
		{96442830-1866-4B31-A967-81AE4BD8F64B}.Debug|x86.ActiveCfg = Debug|Any CPU
		{96442830-1866-4B31-A967-81AE4BD8F64B}.Debug|x86.Build.0 = Debug|Any CPU
		{96442830-1866-4B31-A967-81AE4BD8F64B}.Release|Any CPU.ActiveCfg = Release|Any CPU
		{96442830-1866-4B31-A967-81AE4BD8F64B}.Release|Any CPU.Build.0 = Release|Any CPU
		{96442830-1866-4B31-A967-81AE4BD8F64B}.Release|x64.ActiveCfg = Release|Any CPU
		{96442830-1866-4B31-A967-81AE4BD8F64B}.Release|x64.Build.0 = Release|Any CPU
		{96442830-1866-4B31-A967-81AE4BD8F64B}.Release|x86.ActiveCfg = Release|Any CPU
		{96442830-1866-4B31-A967-81AE4BD8F64B}.Release|x86.Build.0 = Release|Any CPU
		{F395FFC7-3C1B-486A-8231-335CF1ADBD5D}.Debug|Any CPU.ActiveCfg = Debug|Any CPU
		{F395FFC7-3C1B-486A-8231-335CF1ADBD5D}.Debug|Any CPU.Build.0 = Debug|Any CPU
		{F395FFC7-3C1B-486A-8231-335CF1ADBD5D}.Debug|x64.ActiveCfg = Debug|Any CPU
		{F395FFC7-3C1B-486A-8231-335CF1ADBD5D}.Debug|x64.Build.0 = Debug|Any CPU
		{F395FFC7-3C1B-486A-8231-335CF1ADBD5D}.Debug|x86.ActiveCfg = Debug|Any CPU
		{F395FFC7-3C1B-486A-8231-335CF1ADBD5D}.Debug|x86.Build.0 = Debug|Any CPU
		{F395FFC7-3C1B-486A-8231-335CF1ADBD5D}.Release|Any CPU.ActiveCfg = Release|Any CPU
		{F395FFC7-3C1B-486A-8231-335CF1ADBD5D}.Release|Any CPU.Build.0 = Release|Any CPU
		{F395FFC7-3C1B-486A-8231-335CF1ADBD5D}.Release|x64.ActiveCfg = Release|Any CPU
		{F395FFC7-3C1B-486A-8231-335CF1ADBD5D}.Release|x64.Build.0 = Release|Any CPU
		{F395FFC7-3C1B-486A-8231-335CF1ADBD5D}.Release|x86.ActiveCfg = Release|Any CPU
		{F395FFC7-3C1B-486A-8231-335CF1ADBD5D}.Release|x86.Build.0 = Release|Any CPU
		{A152C002-8640-44FC-9242-009271100471}.Debug|Any CPU.ActiveCfg = Debug|Any CPU
		{A152C002-8640-44FC-9242-009271100471}.Debug|Any CPU.Build.0 = Debug|Any CPU
		{A152C002-8640-44FC-9242-009271100471}.Debug|x64.ActiveCfg = Debug|Any CPU
		{A152C002-8640-44FC-9242-009271100471}.Debug|x64.Build.0 = Debug|Any CPU
		{A152C002-8640-44FC-9242-009271100471}.Debug|x86.ActiveCfg = Debug|Any CPU
		{A152C002-8640-44FC-9242-009271100471}.Debug|x86.Build.0 = Debug|Any CPU
		{A152C002-8640-44FC-9242-009271100471}.Release|Any CPU.ActiveCfg = Release|Any CPU
		{A152C002-8640-44FC-9242-009271100471}.Release|Any CPU.Build.0 = Release|Any CPU
		{A152C002-8640-44FC-9242-009271100471}.Release|x64.ActiveCfg = Release|Any CPU
		{A152C002-8640-44FC-9242-009271100471}.Release|x64.Build.0 = Release|Any CPU
		{A152C002-8640-44FC-9242-009271100471}.Release|x86.ActiveCfg = Release|Any CPU
		{A152C002-8640-44FC-9242-009271100471}.Release|x86.Build.0 = Release|Any CPU
		{F48C0EE2-E015-4E31-B442-37646A5D8FFF}.Debug|Any CPU.ActiveCfg = Debug|Any CPU
		{F48C0EE2-E015-4E31-B442-37646A5D8FFF}.Debug|Any CPU.Build.0 = Debug|Any CPU
		{F48C0EE2-E015-4E31-B442-37646A5D8FFF}.Debug|x64.ActiveCfg = Debug|Any CPU
		{F48C0EE2-E015-4E31-B442-37646A5D8FFF}.Debug|x64.Build.0 = Debug|Any CPU
		{F48C0EE2-E015-4E31-B442-37646A5D8FFF}.Debug|x86.ActiveCfg = Debug|Any CPU
		{F48C0EE2-E015-4E31-B442-37646A5D8FFF}.Debug|x86.Build.0 = Debug|Any CPU
		{F48C0EE2-E015-4E31-B442-37646A5D8FFF}.Release|Any CPU.ActiveCfg = Release|Any CPU
		{F48C0EE2-E015-4E31-B442-37646A5D8FFF}.Release|Any CPU.Build.0 = Release|Any CPU
		{F48C0EE2-E015-4E31-B442-37646A5D8FFF}.Release|x64.ActiveCfg = Release|Any CPU
		{F48C0EE2-E015-4E31-B442-37646A5D8FFF}.Release|x64.Build.0 = Release|Any CPU
		{F48C0EE2-E015-4E31-B442-37646A5D8FFF}.Release|x86.ActiveCfg = Release|Any CPU
		{F48C0EE2-E015-4E31-B442-37646A5D8FFF}.Release|x86.Build.0 = Release|Any CPU
		{2A63441F-386C-456C-9B80-8F46BB0ECE6B}.Debug|Any CPU.ActiveCfg = Debug|Any CPU
		{2A63441F-386C-456C-9B80-8F46BB0ECE6B}.Debug|Any CPU.Build.0 = Debug|Any CPU
		{2A63441F-386C-456C-9B80-8F46BB0ECE6B}.Debug|x64.ActiveCfg = Debug|Any CPU
		{2A63441F-386C-456C-9B80-8F46BB0ECE6B}.Debug|x64.Build.0 = Debug|Any CPU
		{2A63441F-386C-456C-9B80-8F46BB0ECE6B}.Debug|x86.ActiveCfg = Debug|Any CPU
		{2A63441F-386C-456C-9B80-8F46BB0ECE6B}.Debug|x86.Build.0 = Debug|Any CPU
		{2A63441F-386C-456C-9B80-8F46BB0ECE6B}.Release|Any CPU.ActiveCfg = Release|Any CPU
		{2A63441F-386C-456C-9B80-8F46BB0ECE6B}.Release|Any CPU.Build.0 = Release|Any CPU
		{2A63441F-386C-456C-9B80-8F46BB0ECE6B}.Release|x64.ActiveCfg = Release|Any CPU
		{2A63441F-386C-456C-9B80-8F46BB0ECE6B}.Release|x64.Build.0 = Release|Any CPU
		{2A63441F-386C-456C-9B80-8F46BB0ECE6B}.Release|x86.ActiveCfg = Release|Any CPU
		{2A63441F-386C-456C-9B80-8F46BB0ECE6B}.Release|x86.Build.0 = Release|Any CPU
		{A8C7F488-CB1C-49BD-933A-C70AD8397811}.Debug|Any CPU.ActiveCfg = Debug|Any CPU
		{A8C7F488-CB1C-49BD-933A-C70AD8397811}.Debug|Any CPU.Build.0 = Debug|Any CPU
		{A8C7F488-CB1C-49BD-933A-C70AD8397811}.Debug|x64.ActiveCfg = Debug|Any CPU
		{A8C7F488-CB1C-49BD-933A-C70AD8397811}.Debug|x64.Build.0 = Debug|Any CPU
		{A8C7F488-CB1C-49BD-933A-C70AD8397811}.Debug|x86.ActiveCfg = Debug|Any CPU
		{A8C7F488-CB1C-49BD-933A-C70AD8397811}.Debug|x86.Build.0 = Debug|Any CPU
		{A8C7F488-CB1C-49BD-933A-C70AD8397811}.Release|Any CPU.ActiveCfg = Release|Any CPU
		{A8C7F488-CB1C-49BD-933A-C70AD8397811}.Release|Any CPU.Build.0 = Release|Any CPU
		{A8C7F488-CB1C-49BD-933A-C70AD8397811}.Release|x64.ActiveCfg = Release|Any CPU
		{A8C7F488-CB1C-49BD-933A-C70AD8397811}.Release|x64.Build.0 = Release|Any CPU
		{A8C7F488-CB1C-49BD-933A-C70AD8397811}.Release|x86.ActiveCfg = Release|Any CPU
		{A8C7F488-CB1C-49BD-933A-C70AD8397811}.Release|x86.Build.0 = Release|Any CPU
		{C1420831-D884-4B70-BB9E-755B1BB8A2D6}.Debug|Any CPU.ActiveCfg = Debug|Any CPU
		{C1420831-D884-4B70-BB9E-755B1BB8A2D6}.Debug|Any CPU.Build.0 = Debug|Any CPU
		{C1420831-D884-4B70-BB9E-755B1BB8A2D6}.Debug|x64.ActiveCfg = Debug|Any CPU
		{C1420831-D884-4B70-BB9E-755B1BB8A2D6}.Debug|x64.Build.0 = Debug|Any CPU
		{C1420831-D884-4B70-BB9E-755B1BB8A2D6}.Debug|x86.ActiveCfg = Debug|Any CPU
		{C1420831-D884-4B70-BB9E-755B1BB8A2D6}.Debug|x86.Build.0 = Debug|Any CPU
		{C1420831-D884-4B70-BB9E-755B1BB8A2D6}.Release|Any CPU.ActiveCfg = Release|Any CPU
		{C1420831-D884-4B70-BB9E-755B1BB8A2D6}.Release|Any CPU.Build.0 = Release|Any CPU
		{C1420831-D884-4B70-BB9E-755B1BB8A2D6}.Release|x64.ActiveCfg = Release|Any CPU
		{C1420831-D884-4B70-BB9E-755B1BB8A2D6}.Release|x64.Build.0 = Release|Any CPU
		{C1420831-D884-4B70-BB9E-755B1BB8A2D6}.Release|x86.ActiveCfg = Release|Any CPU
		{C1420831-D884-4B70-BB9E-755B1BB8A2D6}.Release|x86.Build.0 = Release|Any CPU
	EndGlobalSection
	GlobalSection(NestedProjects) = preSolution
		{9A62275C-32E9-4B90-BBDF-68DFF2E10DAA} = {5B5CDF06-453B-4B80-A887-BB6DB08F0494}
		{0473F719-2FB8-42A1-A78D-C94339126A5C} = {9A62275C-32E9-4B90-BBDF-68DFF2E10DAA}
		{A2E08308-4E37-43A9-83D1-446D01C54976} = {2BC2AEC5-9A08-4A01-AD0C-05FD2D00B501}
		{D12546E9-DDCA-43A9-8E72-22875D23224C} = {A2E08308-4E37-43A9-83D1-446D01C54976}
		{1DFFD88E-4C50-4159-B131-FDC7E8237C4C} = {5476B1C9-6F60-4D5F-B5DA-184E6285A207}
		{62711302-3D6B-4343-AAA1-3FA9AD0E2251} = {1DFFD88E-4C50-4159-B131-FDC7E8237C4C}
		{055682E0-A3C5-4901-A1C8-D2345CE66476} = {C5C1AE94-C3A3-4513-82F1-058DEBB3B5D1}
		{5F93DE0B-4618-4DB6-81AA-D44B9509612F} = {055682E0-A3C5-4901-A1C8-D2345CE66476}
		{0C8E5EC4-821E-4B57-9F9F-DE8BB396C2A8} = {31109734-7F71-4CF9-B4DD-73F144CD4D63}
		{4A28127A-5C9E-4A1E-85DA-D96F2F6C12DD} = {0C8E5EC4-821E-4B57-9F9F-DE8BB396C2A8}
		{C47B5E40-16BB-4B12-9ECB-4CE355F0D517} = {64241C7F-FF9D-4228-AB54-46C99D5603E5}
		{02C6B9C8-5061-4514-A146-03407EDD3CDB} = {C47B5E40-16BB-4B12-9ECB-4CE355F0D517}
		{AEA5F56D-1048-4F20-9A3A-235A5ECFE97B} = {E5F741EB-014F-4AC2-9B87-3EE868AD10D2}
		{5AD18225-DB95-4E41-8F8F-F415769E2476} = {AEA5F56D-1048-4F20-9A3A-235A5ECFE97B}
		{43D8C0D0-D412-4722-93DF-5638FA90482E} = {82BDBF54-3D88-42B0-A152-A49385AD0F21}
		{DDB985B0-C596-4F11-95EC-CCE5009DD39A} = {43D8C0D0-D412-4722-93DF-5638FA90482E}
		{05B6BBC6-DF2A-4029-9B90-EEE0183B196A} = {CD940C71-1D8E-4805-95C3-337BCA0A2201}
		{96442830-1866-4B31-A967-81AE4BD8F64B} = {05B6BBC6-DF2A-4029-9B90-EEE0183B196A}
		{EFDE2F7D-CCF5-43B4-910D-68D611E7EDC7} = {3D2CF113-F2BA-406A-BBDC-74EC7729C698}
		{F395FFC7-3C1B-486A-8231-335CF1ADBD5D} = {EFDE2F7D-CCF5-43B4-910D-68D611E7EDC7}
		{BC2F78B3-9657-44C8-B891-FFE9A9151FE2} = {8105F7A0-D61E-482E-9259-F9BF36885A17}
		{A152C002-8640-44FC-9242-009271100471} = {BC2F78B3-9657-44C8-B891-FFE9A9151FE2}
		{48D5DB99-7E30-4D06-9FAF-FFA4BE30C013} = {279574EE-54A5-4DF5-BC26-57FAE1A51DCA}
		{F48C0EE2-E015-4E31-B442-37646A5D8FFF} = {48D5DB99-7E30-4D06-9FAF-FFA4BE30C013}
		{453DB7CD-982D-430E-B486-6414A521BB03} = {1E16755B-2009-4FFA-B604-3FC11F04CA37}
		{2A63441F-386C-456C-9B80-8F46BB0ECE6B} = {453DB7CD-982D-430E-B486-6414A521BB03}
		{01274FB2-4DAB-4363-A8B2-14C40D7180F8} = {9C1EB6C9-61F0-4BD0-8ABF-14B4B388C5A2}
		{A8C7F488-CB1C-49BD-933A-C70AD8397811} = {01274FB2-4DAB-4363-A8B2-14C40D7180F8}
		{F8653995-C1B3-45CA-87B0-22627239603E} = {52DB34DD-66C7-4738-B9FD-6D032B6F63C1}
		{C1420831-D884-4B70-BB9E-755B1BB8A2D6} = {F8653995-C1B3-45CA-87B0-22627239603E}
	EndGlobalSection
EndGlobal
