
Microsoft Visual Studio Solution File, Format Version 12.00
# Visual Studio 15
VisualStudioVersion = 15.0.26124.0
MinimumVisualStudioVersion = 15.0.26124.0
Project("{2150E333-8FDC-42A3-9474-1A3956D46DE8}") = "src", "src", "{7DB5E77B-E81C-49A9-A753-84B3A41B32AC}"
EndProject
Project("{2150E333-8FDC-42A3-9474-1A3956D46DE8}") = "Angus.Bills.Auth", "Angus.Bills.Auth", "{1F66D6B2-BBD3-4B2A-A63C-EC148774CEA3}"
EndProject
Project("{2150E333-8FDC-42A3-9474-1A3956D46DE8}") = "src", "src", "{8FC08B20-BF0D-4A76-96F9-95932D2C33CF}"
EndProject
Project("{FAE04EC0-301F-11D3-BF4B-00C04F79EFBC}") = "Angus.Bills.Auth", "src\Angus.Bills.Auth\src\Angus.Bills.Auth\Angus.Bills.Auth.csproj", "{2706A1A7-EA86-4FE2-9118-271411338065}"
EndProject
Project("{2150E333-8FDC-42A3-9474-1A3956D46DE8}") = "Angus.Bills.Auth.Distributed", "Angus.Bills.Auth.Distributed", "{025C8DB9-8130-4264-857B-720F2230B502}"
EndProject
Project("{2150E333-8FDC-42A3-9474-1A3956D46DE8}") = "src", "src", "{171A9516-94B5-4587-A500-AEBCF6E5D70F}"
EndProject
Project("{FAE04EC0-301F-11D3-BF4B-00C04F79EFBC}") = "Angus.Bills.Auth.Distributed", "src\Angus.Bills.Auth.Distributed\src\Angus.Bills.Auth.Distributed\Angus.Bills.Auth.Distributed.csproj", "{A2D1815E-70E7-4C45-B350-D9AD09715D8E}"
EndProject
Project("{2150E333-8FDC-42A3-9474-1A3956D46DE8}") = "Angus.Bills.CQRS.Commands", "Angus.Bills.CQRS.Commands", "{B4A98108-ADC3-43D9-8531-0EE61F324A39}"
EndProject
Project("{2150E333-8FDC-42A3-9474-1A3956D46DE8}") = "src", "src", "{A7067BCE-61B5-4B86-9313-63C5D918E02B}"
EndProject
Project("{FAE04EC0-301F-11D3-BF4B-00C04F79EFBC}") = "Angus.Bills.CQRS.Commands", "src\Angus.Bills.CQRS.Commands\src\Angus.Bills.CQRS.Commands\Angus.Bills.CQRS.Commands.csproj", "{162B4C04-480D-402D-8576-CB1C86155AEC}"
EndProject
Project("{2150E333-8FDC-42A3-9474-1A3956D46DE8}") = "Angus.Bills.Discovery.Consul", "Angus.Bills.Discovery.Consul", "{B1DC2A36-6CB0-4C1B-9502-56983EA8A6EF}"
EndProject
Project("{2150E333-8FDC-42A3-9474-1A3956D46DE8}") = "src", "src", "{160A3A98-B1A7-407D-8E47-BDCE611DCC00}"
EndProject
Project("{FAE04EC0-301F-11D3-BF4B-00C04F79EFBC}") = "Angus.Bills.Discovery.Consul", "src\Angus.Bills.Discovery.Consul\src\Angus.Bills.Discovery.Consul\Angus.Bills.Discovery.Consul.csproj", "{779DB0A1-1A07-444C-88CB-8CB886CE5593}"
EndProject
Project("{2150E333-8FDC-42A3-9474-1A3956D46DE8}") = "Angus.Bills.Docs.Swagger", "Angus.Bills.Docs.Swagger", "{E47F820C-1670-44B4-9F07-B858DA77DCA3}"
EndProject
Project("{2150E333-8FDC-42A3-9474-1A3956D46DE8}") = "src", "src", "{6DB20569-F9EE-408E-8B39-B419ABC90023}"
EndProject
Project("{FAE04EC0-301F-11D3-BF4B-00C04F79EFBC}") = "Angus.Bills.Docs.Swagger", "src\Angus.Bills.Docs.Swagger\src\Angus.Bills.Docs.Swagger\Angus.Bills.Docs.Swagger.csproj", "{A02E99FB-0AE9-4229-AB06-A33FAE7AC870}"
EndProject
Project("{2150E333-8FDC-42A3-9474-1A3956D46DE8}") = "Angus.Bills.HTTP.HttpClient", "Angus.Bills.HTTP.HttpClient", "{D6294DF9-57AB-4EAD-816F-5FFECF519298}"
EndProject
Project("{2150E333-8FDC-42A3-9474-1A3956D46DE8}") = "src", "src", "{46B6F556-379F-4EC0-85EA-AD34F65CE84A}"
EndProject
Project("{FAE04EC0-301F-11D3-BF4B-00C04F79EFBC}") = "Angus.Bills.HTTP.HttpClient", "src\Angus.Bills.HTTP.HttpClient\src\Angus.Bills.HTTP.HttpClient\Angus.Bills.HTTP.HttpClient.csproj", "{C70F3BB0-01F5-44B5-972C-A19A965943D0}"
EndProject
Project("{2150E333-8FDC-42A3-9474-1A3956D46DE8}") = "Angus.Bills.HTTP.RestEase", "Angus.Bills.HTTP.RestEase", "{4D0CC7CD-FAC0-496F-B1D2-9110BC4D35B1}"
EndProject
Project("{2150E333-8FDC-42A3-9474-1A3956D46DE8}") = "src", "src", "{BAE4985D-B70F-478F-BA67-5467B50B25B1}"
EndProject
Project("{FAE04EC0-301F-11D3-BF4B-00C04F79EFBC}") = "Angus.Bills.HTTP.RestEase", "src\Angus.Bills.HTTP.RestEase\src\Angus.Bills.HTTP.RestEase\Angus.Bills.HTTP.RestEase.csproj", "{B2ECC8C3-8E0F-4C62-95F8-5C91DCBD94B7}"
EndProject
Project("{2150E333-8FDC-42A3-9474-1A3956D46DE8}") = "Angus.Bills.Initializers", "Angus.Bills.Initializers", "{A6A5266C-8C6B-41FD-83DE-BAB03657A16F}"
EndProject
Project("{2150E333-8FDC-42A3-9474-1A3956D46DE8}") = "src", "src", "{1C5E696A-9523-4C63-8BD7-C1D81B5C16FD}"
EndProject
Project("{FAE04EC0-301F-11D3-BF4B-00C04F79EFBC}") = "Angus.Bills.Initializers", "src\Angus.Bills.Initializers\src\Angus.Bills.Initializers\Angus.Bills.Initializers.csproj", "{64CFB668-5F86-4113-8269-26A30CBA4F94}"
EndProject
Project("{2150E333-8FDC-42A3-9474-1A3956D46DE8}") = "Angus.Bills.LoadBalancing.Fabio", "Angus.Bills.LoadBalancing.Fabio", "{C4E5FA6C-301E-455F-98ED-832F0B811B88}"
EndProject
Project("{2150E333-8FDC-42A3-9474-1A3956D46DE8}") = "src", "src", "{C9BEBD5A-A020-4E48-8ED1-C097F96FBB39}"
EndProject
Project("{FAE04EC0-301F-11D3-BF4B-00C04F79EFBC}") = "Angus.Bills.LoadBalancing.Fabio", "src\Angus.Bills.LoadBalancing.Fabio\src\Angus.Bills.LoadBalancing.Fabio\Angus.Bills.LoadBalancing.Fabio.csproj", "{9BF9F2A5-750C-442D-ABFD-50B3D382AFFF}"
EndProject
Project("{2150E333-8FDC-42A3-9474-1A3956D46DE8}") = "Angus.Bills.Logging", "Angus.Bills.Logging", "{594FEAE5-B577-40E4-9E36-1B7CBCC75566}"
EndProject
Project("{2150E333-8FDC-42A3-9474-1A3956D46DE8}") = "src", "src", "{B1878F9F-1363-4F8B-B9BB-21FDCD865AF5}"
EndProject
Project("{FAE04EC0-301F-11D3-BF4B-00C04F79EFBC}") = "Angus.Bills.Logging", "src\Angus.Bills.Logging\src\Angus.Bills.Logging\Angus.Bills.Logging.csproj", "{EBF376FE-6825-4F09-A896-71C68F1493CF}"
EndProject
Project("{2150E333-8FDC-42A3-9474-1A3956D46DE8}") = "Angus.Bills.Persistence.MongoDB", "Angus.Bills.Persistence.MongoDB", "{91021953-B5C2-4C1A-B602-2BD6EF32C7F0}"
EndProject
Project("{2150E333-8FDC-42A3-9474-1A3956D46DE8}") = "src", "src", "{7F129C95-12CD-4A52-9B7B-42ADA9E29D7A}"
EndProject
Project("{FAE04EC0-301F-11D3-BF4B-00C04F79EFBC}") = "Angus.Bills.Persistence.MongoDB", "src\Angus.Bills.Persistence.MongoDB\src\Angus.Bills.Persistence.MongoDB\Angus.Bills.Persistence.MongoDB.csproj", "{B22A3CCC-ECE0-4471-8B5F-5FCAF96D05F0}"
EndProject
Project("{2150E333-8FDC-42A3-9474-1A3956D46DE8}") = "Angus.Bills.Persistence.Redis", "Angus.Bills.Persistence.Redis", "{640BE8A7-DA0C-4046-A236-A1B51747F03B}"
EndProject
Project("{2150E333-8FDC-42A3-9474-1A3956D46DE8}") = "src", "src", "{9DCAE31E-D97F-4BA0-8CE3-83DD7DEE9E91}"
EndProject
Project("{FAE04EC0-301F-11D3-BF4B-00C04F79EFBC}") = "Angus.Bills.Persistence.Redis", "src\Angus.Bills.Persistence.Redis\src\Angus.Bills.Persistence.Redis\Angus.Bills.Persistence.Redis.csproj", "{DEC7A700-D03D-449E-81E9-69E535B65A1E}"
EndProject
Project("{2150E333-8FDC-42A3-9474-1A3956D46DE8}") = "Angus.Bills.Persistence.SqlServer", "Angus.Bills.Persistence.SqlServer", "{6979F09F-70FA-400F-AF14-A5BEBC68D26E}"
EndProject
Project("{2150E333-8FDC-42A3-9474-1A3956D46DE8}") = "src", "src", "{BE698E73-8789-4F8C-8ADA-77DAF068ED08}"
EndProject
Project("{FAE04EC0-301F-11D3-BF4B-00C04F79EFBC}") = "DrexFac.Persistence.SqlServer", "src\Angus.Bills.Persistence.SqlServer\src\DrexFac.Persistence.SqlServer\DrexFac.Persistence.SqlServer.csproj", "{1F62D19F-956F-4F12-8490-20B862E0B0AC}"
EndProject
Project("{2150E333-8FDC-42A3-9474-1A3956D46DE8}") = "Angus.Bills.Types.Queries", "Angus.Bills.Types.Queries", "{4AD9BFF4-87A6-4B35-9A41-F78ED87F3F58}"
EndProject
Project("{2150E333-8FDC-42A3-9474-1A3956D46DE8}") = "src", "src", "{E87A691B-0176-4404-84B5-31E71C6A0BB8}"
EndProject
Project("{FAE04EC0-301F-11D3-BF4B-00C04F79EFBC}") = "Angus.Bills.Types.Queries", "src\Angus.Bills.Types.Queries\src\Angus.Bills.Types.Queries\Angus.Bills.Types.Queries.csproj", "{5CA66B65-06E8-408D-9F6A-44E02675F403}"
EndProject
Project("{2150E333-8FDC-42A3-9474-1A3956D46DE8}") = "Angus.Bills.WebApi", "Angus.Bills.WebApi", "{33077EF5-E49F-42A1-862F-586A82B72857}"
EndProject
Project("{2150E333-8FDC-42A3-9474-1A3956D46DE8}") = "src", "src", "{A29A3BAB-1276-4D45-8A9D-55B6216D0828}"
EndProject
Project("{FAE04EC0-301F-11D3-BF4B-00C04F79EFBC}") = "Angus.Bills.WebApi", "src\Angus.Bills.WebApi\src\Angus.Bills.WebApi\Angus.Bills.WebApi.csproj", "{5AF3A415-BC1B-45D3-8CE9-B1D6284362CF}"
EndProject
Project("{2150E333-8FDC-42A3-9474-1A3956D46DE8}") = "Angus.Bills.WebApi.Security", "Angus.Bills.WebApi.Security", "{7B1A52C0-360C-43F0-8170-667C47B4897F}"
EndProject
Project("{2150E333-8FDC-42A3-9474-1A3956D46DE8}") = "src", "src", "{70F260BB-5D76-4849-8C82-61B2B4B7FC99}"
EndProject
Project("{FAE04EC0-301F-11D3-BF4B-00C04F79EFBC}") = "Angus.Bills.WebApi.Security", "src\Angus.Bills.WebApi.Security\src\Angus.Bills.WebApi.Security\Angus.Bills.WebApi.Security.csproj", "{AD3067C0-259B-420C-B3BD-F76C3C047EC9}"
EndProject
Project("{2150E333-8FDC-42A3-9474-1A3956D46DE8}") = "Angus.Bills.WebApi.Swagger", "Angus.Bills.WebApi.Swagger", "{73B14566-51E6-4E5A-9460-030DDB45E521}"
EndProject
Project("{2150E333-8FDC-42A3-9474-1A3956D46DE8}") = "src", "src", "{232939BD-CD9D-4EE9-B13C-14D8EC0D1D6A}"
EndProject
Project("{FAE04EC0-301F-11D3-BF4B-00C04F79EFBC}") = "Angus.Bills.WebApi.Swagger", "src\Angus.Bills.WebApi.Swagger\src\Angus.Bills.WebApi.Swagger\Angus.Bills.WebApi.Swagger.csproj", "{414FA4E2-71B5-4230-9C61-54CE1EE43AF0}"
EndProject
Project("{2150E333-8FDC-42A3-9474-1A3956D46DE8}") = "Angus.Bills.CQRS.Events", "Angus.Bills.CQRS.Events", "{7725C70A-8267-4E61-AE2C-74E52A7B6DF7}"
EndProject
Project("{2150E333-8FDC-42A3-9474-1A3956D46DE8}") = "src", "src", "{373C7A4F-6A48-4DF9-8387-0DCDB8970215}"
EndProject
Project("{FAE04EC0-301F-11D3-BF4B-00C04F79EFBC}") = "Angus.Bills.CQRS.Events", "src\Angus.Bills.CQRS.Events\src\Angus.Bills.CQRS.Events\Angus.Bills.CQRS.Events.csproj", "{8B722F99-259C-4C8D-9348-35891051884D}"
EndProject
Project("{2150E333-8FDC-42A3-9474-1A3956D46DE8}") = "Angus.Bills.Logging.CQRS", "Angus.Bills.Logging.CQRS", "{EEAAF9E3-99CE-436D-9984-8A16CC3A89FF}"
EndProject
Project("{2150E333-8FDC-42A3-9474-1A3956D46DE8}") = "src", "src", "{6DD87808-EA39-4F4C-87B8-6A42E5D0D01F}"
EndProject
Project("{FAE04EC0-301F-11D3-BF4B-00C04F79EFBC}") = "Angus.Bills.Logging.CQRS", "src\Angus.Bills.Logging.CQRS\src\Angus.Bills.Logging.CQRS\Angus.Bills.Logging.CQRS.csproj", "{360BB62C-FBFF-4949-874D-4B6927AECC31}"
EndProject
Project("{2150E333-8FDC-42A3-9474-1A3956D46DE8}") = "Angus.Bills.Metrics.AppMetrics", "Angus.Bills.Metrics.AppMetrics", "{08E0E1A1-2B50-4D66-8045-D8EFE755CF16}"
EndProject
Project("{2150E333-8FDC-42A3-9474-1A3956D46DE8}") = "src", "src", "{B574EE27-511C-4F41-A776-2B47DCF0A5E9}"
EndProject
Project("{FAE04EC0-301F-11D3-BF4B-00C04F79EFBC}") = "Angus.Bills.Metrics.AppMetrics", "src\Angus.Bills.Metrics.AppMetrics\src\Angus.Bills.Metrics.AppMetrics\Angus.Bills.Metrics.AppMetrics.csproj", "{091F7DA1-AB5A-400E-8188-D125F2A9AFE3}"
EndProject
Project("{2150E333-8FDC-42A3-9474-1A3956D46DE8}") = "Angus.Bills.Tracing.Jaeger", "Angus.Bills.Tracing.Jaeger", "{37123CA2-C9CE-4AE3-A255-62DC5AD8874E}"
EndProject
Project("{2150E333-8FDC-42A3-9474-1A3956D46DE8}") = "src", "src", "{D9661716-18FF-4C90-BEBD-09AA4B1451A1}"
EndProject
Project("{FAE04EC0-301F-11D3-BF4B-00C04F79EFBC}") = "Angus.Bills.Tracing.Jaeger", "src\Angus.Bills.Tracing.Jaeger\src\Angus.Bills.Tracing.Jaeger\Angus.Bills.Tracing.Jaeger.csproj", "{F1291D47-163F-45AB-8723-0A3AEE957FFB}"
EndProject
Project("{2150E333-8FDC-42A3-9474-1A3956D46DE8}") = "Angus.Bills.Tracing.Jaeger.RabbitMQ", "Angus.Bills.Tracing.Jaeger.RabbitMQ", "{817CD7C2-1F82-4D21-B4CC-488B9C5C3D6F}"
EndProject
Project("{2150E333-8FDC-42A3-9474-1A3956D46DE8}") = "src", "src", "{5A2824DE-BF64-4CBC-9406-AF3559F7697F}"
EndProject
Project("{FAE04EC0-301F-11D3-BF4B-00C04F79EFBC}") = "Angus.Bills.Tracing.Jaeger.RabbitMQ", "src\Angus.Bills.Tracing.Jaeger.RabbitMQ\src\Angus.Bills.Tracing.Jaeger.RabbitMQ\Angus.Bills.Tracing.Jaeger.RabbitMQ.csproj", "{577454D2-C57B-4711-A92B-CE8B21B75F81}"
EndProject
Project("{2150E333-8FDC-42A3-9474-1A3956D46DE8}") = "Angus.Bills.MessageBrokers", "Angus.Bills.MessageBrokers", "{7BF2E88B-8E56-461B-9CA6-A58FED51915B}"
EndProject
Project("{2150E333-8FDC-42A3-9474-1A3956D46DE8}") = "src", "src", "{F0620B05-52B5-4B5B-8271-FCBB14A76F35}"
EndProject
Project("{FAE04EC0-301F-11D3-BF4B-00C04F79EFBC}") = "Angus.Bills.MessageBrokers", "src\Angus.Bills.MessageBrokers\src\Angus.Bills.MessageBrokers\Angus.Bills.MessageBrokers.csproj", "{A2FF4C32-C702-4581-813B-9D05ECF4E403}"
EndProject
Project("{2150E333-8FDC-42A3-9474-1A3956D46DE8}") = "Angus.Bills.MessageBrokers.CQRS", "Angus.Bills.MessageBrokers.CQRS", "{8C54107A-F196-457B-9A94-B0C81C29F134}"
EndProject
Project("{2150E333-8FDC-42A3-9474-1A3956D46DE8}") = "src", "src", "{A89A34D8-71E5-4B83-9CF4-B23D66917164}"
EndProject
Project("{FAE04EC0-301F-11D3-BF4B-00C04F79EFBC}") = "Angus.Bills.MessageBrokers.CQRS", "src\Angus.Bills.MessageBrokers.CQRS\src\Angus.Bills.MessageBrokers.CQRS\Angus.Bills.MessageBrokers.CQRS.csproj", "{401081CC-93D7-4FBE-A075-CDDC9ABF058C}"
EndProject
Project("{2150E333-8FDC-42A3-9474-1A3956D46DE8}") = "Angus.Bills.MessageBrokers.RabbitMQ", "Angus.Bills.MessageBrokers.RabbitMQ", "{21D5456A-4FE1-4CD8-8E2C-53D94C8DE31E}"
EndProject
Project("{2150E333-8FDC-42A3-9474-1A3956D46DE8}") = "src", "src", "{50280294-D3CC-41AA-AD74-085CE489A0D3}"
EndProject
Project("{FAE04EC0-301F-11D3-BF4B-00C04F79EFBC}") = "Angus.Bills.MessageBrokers.RabbitMQ", "src\Angus.Bills.MessageBrokers.RabbitMQ\src\Angus.Bills.MessageBrokers.RabbitMQ\Angus.Bills.MessageBrokers.RabbitMQ.csproj", "{75EB5D28-1CCA-48DC-96B5-E65EADC9422B}"
EndProject
Project("{2150E333-8FDC-42A3-9474-1A3956D46DE8}") = "Angus.Bills.MessageBrokers.RawRabbit", "Angus.Bills.MessageBrokers.RawRabbit", "{B9E25F56-06BA-4F00-8ABF-62DCB28E5E5B}"
EndProject
Project("{2150E333-8FDC-42A3-9474-1A3956D46DE8}") = "src", "src", "{D3C5EF4F-27A9-4D79-A22C-2D9577C667FC}"
EndProject
Project("{FAE04EC0-301F-11D3-BF4B-00C04F79EFBC}") = "Angus.Bills.MessageBrokers.RawRabbit", "src\Angus.Bills.MessageBrokers.RawRabbit\src\Angus.Bills.MessageBrokers.RawRabbit\Angus.Bills.MessageBrokers.RawRabbit.csproj", "{C8E294B7-CF3C-402F-BC03-836C0411BB36}"
EndProject
Global
	GlobalSection(SolutionConfigurationPlatforms) = preSolution
		Debug|Any CPU = Debug|Any CPU
		Debug|x64 = Debug|x64
		Debug|x86 = Debug|x86
		Release|Any CPU = Release|Any CPU
		Release|x64 = Release|x64
		Release|x86 = Release|x86
	EndGlobalSection
	GlobalSection(SolutionProperties) = preSolution
		HideSolutionNode = FALSE
	EndGlobalSection
	GlobalSection(ProjectConfigurationPlatforms) = postSolution
		{2706A1A7-EA86-4FE2-9118-271411338065}.Debug|Any CPU.ActiveCfg = Debug|Any CPU
		{2706A1A7-EA86-4FE2-9118-271411338065}.Debug|Any CPU.Build.0 = Debug|Any CPU
		{2706A1A7-EA86-4FE2-9118-271411338065}.Debug|x64.ActiveCfg = Debug|Any CPU
		{2706A1A7-EA86-4FE2-9118-271411338065}.Debug|x64.Build.0 = Debug|Any CPU
		{2706A1A7-EA86-4FE2-9118-271411338065}.Debug|x86.ActiveCfg = Debug|Any CPU
		{2706A1A7-EA86-4FE2-9118-271411338065}.Debug|x86.Build.0 = Debug|Any CPU
		{2706A1A7-EA86-4FE2-9118-271411338065}.Release|Any CPU.ActiveCfg = Release|Any CPU
		{2706A1A7-EA86-4FE2-9118-271411338065}.Release|Any CPU.Build.0 = Release|Any CPU
		{2706A1A7-EA86-4FE2-9118-271411338065}.Release|x64.ActiveCfg = Release|Any CPU
		{2706A1A7-EA86-4FE2-9118-271411338065}.Release|x64.Build.0 = Release|Any CPU
		{2706A1A7-EA86-4FE2-9118-271411338065}.Release|x86.ActiveCfg = Release|Any CPU
		{2706A1A7-EA86-4FE2-9118-271411338065}.Release|x86.Build.0 = Release|Any CPU
		{A2D1815E-70E7-4C45-B350-D9AD09715D8E}.Debug|Any CPU.ActiveCfg = Debug|Any CPU
		{A2D1815E-70E7-4C45-B350-D9AD09715D8E}.Debug|Any CPU.Build.0 = Debug|Any CPU
		{A2D1815E-70E7-4C45-B350-D9AD09715D8E}.Debug|x64.ActiveCfg = Debug|Any CPU
		{A2D1815E-70E7-4C45-B350-D9AD09715D8E}.Debug|x64.Build.0 = Debug|Any CPU
		{A2D1815E-70E7-4C45-B350-D9AD09715D8E}.Debug|x86.ActiveCfg = Debug|Any CPU
		{A2D1815E-70E7-4C45-B350-D9AD09715D8E}.Debug|x86.Build.0 = Debug|Any CPU
		{A2D1815E-70E7-4C45-B350-D9AD09715D8E}.Release|Any CPU.ActiveCfg = Release|Any CPU
		{A2D1815E-70E7-4C45-B350-D9AD09715D8E}.Release|Any CPU.Build.0 = Release|Any CPU
		{A2D1815E-70E7-4C45-B350-D9AD09715D8E}.Release|x64.ActiveCfg = Release|Any CPU
		{A2D1815E-70E7-4C45-B350-D9AD09715D8E}.Release|x64.Build.0 = Release|Any CPU
		{A2D1815E-70E7-4C45-B350-D9AD09715D8E}.Release|x86.ActiveCfg = Release|Any CPU
		{A2D1815E-70E7-4C45-B350-D9AD09715D8E}.Release|x86.Build.0 = Release|Any CPU
		{162B4C04-480D-402D-8576-CB1C86155AEC}.Debug|Any CPU.ActiveCfg = Debug|Any CPU
		{162B4C04-480D-402D-8576-CB1C86155AEC}.Debug|Any CPU.Build.0 = Debug|Any CPU
		{162B4C04-480D-402D-8576-CB1C86155AEC}.Debug|x64.ActiveCfg = Debug|Any CPU
		{162B4C04-480D-402D-8576-CB1C86155AEC}.Debug|x64.Build.0 = Debug|Any CPU
		{162B4C04-480D-402D-8576-CB1C86155AEC}.Debug|x86.ActiveCfg = Debug|Any CPU
		{162B4C04-480D-402D-8576-CB1C86155AEC}.Debug|x86.Build.0 = Debug|Any CPU
		{162B4C04-480D-402D-8576-CB1C86155AEC}.Release|Any CPU.ActiveCfg = Release|Any CPU
		{162B4C04-480D-402D-8576-CB1C86155AEC}.Release|Any CPU.Build.0 = Release|Any CPU
		{162B4C04-480D-402D-8576-CB1C86155AEC}.Release|x64.ActiveCfg = Release|Any CPU
		{162B4C04-480D-402D-8576-CB1C86155AEC}.Release|x64.Build.0 = Release|Any CPU
		{162B4C04-480D-402D-8576-CB1C86155AEC}.Release|x86.ActiveCfg = Release|Any CPU
		{162B4C04-480D-402D-8576-CB1C86155AEC}.Release|x86.Build.0 = Release|Any CPU
		{779DB0A1-1A07-444C-88CB-8CB886CE5593}.Debug|Any CPU.ActiveCfg = Debug|Any CPU
		{779DB0A1-1A07-444C-88CB-8CB886CE5593}.Debug|Any CPU.Build.0 = Debug|Any CPU
		{779DB0A1-1A07-444C-88CB-8CB886CE5593}.Debug|x64.ActiveCfg = Debug|Any CPU
		{779DB0A1-1A07-444C-88CB-8CB886CE5593}.Debug|x64.Build.0 = Debug|Any CPU
		{779DB0A1-1A07-444C-88CB-8CB886CE5593}.Debug|x86.ActiveCfg = Debug|Any CPU
		{779DB0A1-1A07-444C-88CB-8CB886CE5593}.Debug|x86.Build.0 = Debug|Any CPU
		{779DB0A1-1A07-444C-88CB-8CB886CE5593}.Release|Any CPU.ActiveCfg = Release|Any CPU
		{779DB0A1-1A07-444C-88CB-8CB886CE5593}.Release|Any CPU.Build.0 = Release|Any CPU
		{779DB0A1-1A07-444C-88CB-8CB886CE5593}.Release|x64.ActiveCfg = Release|Any CPU
		{779DB0A1-1A07-444C-88CB-8CB886CE5593}.Release|x64.Build.0 = Release|Any CPU
		{779DB0A1-1A07-444C-88CB-8CB886CE5593}.Release|x86.ActiveCfg = Release|Any CPU
		{779DB0A1-1A07-444C-88CB-8CB886CE5593}.Release|x86.Build.0 = Release|Any CPU
		{A02E99FB-0AE9-4229-AB06-A33FAE7AC870}.Debug|Any CPU.ActiveCfg = Debug|Any CPU
		{A02E99FB-0AE9-4229-AB06-A33FAE7AC870}.Debug|Any CPU.Build.0 = Debug|Any CPU
		{A02E99FB-0AE9-4229-AB06-A33FAE7AC870}.Debug|x64.ActiveCfg = Debug|Any CPU
		{A02E99FB-0AE9-4229-AB06-A33FAE7AC870}.Debug|x64.Build.0 = Debug|Any CPU
		{A02E99FB-0AE9-4229-AB06-A33FAE7AC870}.Debug|x86.ActiveCfg = Debug|Any CPU
		{A02E99FB-0AE9-4229-AB06-A33FAE7AC870}.Debug|x86.Build.0 = Debug|Any CPU
		{A02E99FB-0AE9-4229-AB06-A33FAE7AC870}.Release|Any CPU.ActiveCfg = Release|Any CPU
		{A02E99FB-0AE9-4229-AB06-A33FAE7AC870}.Release|Any CPU.Build.0 = Release|Any CPU
		{A02E99FB-0AE9-4229-AB06-A33FAE7AC870}.Release|x64.ActiveCfg = Release|Any CPU
		{A02E99FB-0AE9-4229-AB06-A33FAE7AC870}.Release|x64.Build.0 = Release|Any CPU
		{A02E99FB-0AE9-4229-AB06-A33FAE7AC870}.Release|x86.ActiveCfg = Release|Any CPU
		{A02E99FB-0AE9-4229-AB06-A33FAE7AC870}.Release|x86.Build.0 = Release|Any CPU
		{C70F3BB0-01F5-44B5-972C-A19A965943D0}.Debug|Any CPU.ActiveCfg = Debug|Any CPU
		{C70F3BB0-01F5-44B5-972C-A19A965943D0}.Debug|Any CPU.Build.0 = Debug|Any CPU
		{C70F3BB0-01F5-44B5-972C-A19A965943D0}.Debug|x64.ActiveCfg = Debug|Any CPU
		{C70F3BB0-01F5-44B5-972C-A19A965943D0}.Debug|x64.Build.0 = Debug|Any CPU
		{C70F3BB0-01F5-44B5-972C-A19A965943D0}.Debug|x86.ActiveCfg = Debug|Any CPU
		{C70F3BB0-01F5-44B5-972C-A19A965943D0}.Debug|x86.Build.0 = Debug|Any CPU
		{C70F3BB0-01F5-44B5-972C-A19A965943D0}.Release|Any CPU.ActiveCfg = Release|Any CPU
		{C70F3BB0-01F5-44B5-972C-A19A965943D0}.Release|Any CPU.Build.0 = Release|Any CPU
		{C70F3BB0-01F5-44B5-972C-A19A965943D0}.Release|x64.ActiveCfg = Release|Any CPU
		{C70F3BB0-01F5-44B5-972C-A19A965943D0}.Release|x64.Build.0 = Release|Any CPU
		{C70F3BB0-01F5-44B5-972C-A19A965943D0}.Release|x86.ActiveCfg = Release|Any CPU
		{C70F3BB0-01F5-44B5-972C-A19A965943D0}.Release|x86.Build.0 = Release|Any CPU
		{B2ECC8C3-8E0F-4C62-95F8-5C91DCBD94B7}.Debug|Any CPU.ActiveCfg = Debug|Any CPU
		{B2ECC8C3-8E0F-4C62-95F8-5C91DCBD94B7}.Debug|Any CPU.Build.0 = Debug|Any CPU
		{B2ECC8C3-8E0F-4C62-95F8-5C91DCBD94B7}.Debug|x64.ActiveCfg = Debug|Any CPU
		{B2ECC8C3-8E0F-4C62-95F8-5C91DCBD94B7}.Debug|x64.Build.0 = Debug|Any CPU
		{B2ECC8C3-8E0F-4C62-95F8-5C91DCBD94B7}.Debug|x86.ActiveCfg = Debug|Any CPU
		{B2ECC8C3-8E0F-4C62-95F8-5C91DCBD94B7}.Debug|x86.Build.0 = Debug|Any CPU
		{B2ECC8C3-8E0F-4C62-95F8-5C91DCBD94B7}.Release|Any CPU.ActiveCfg = Release|Any CPU
		{B2ECC8C3-8E0F-4C62-95F8-5C91DCBD94B7}.Release|Any CPU.Build.0 = Release|Any CPU
		{B2ECC8C3-8E0F-4C62-95F8-5C91DCBD94B7}.Release|x64.ActiveCfg = Release|Any CPU
		{B2ECC8C3-8E0F-4C62-95F8-5C91DCBD94B7}.Release|x64.Build.0 = Release|Any CPU
		{B2ECC8C3-8E0F-4C62-95F8-5C91DCBD94B7}.Release|x86.ActiveCfg = Release|Any CPU
		{B2ECC8C3-8E0F-4C62-95F8-5C91DCBD94B7}.Release|x86.Build.0 = Release|Any CPU
		{64CFB668-5F86-4113-8269-26A30CBA4F94}.Debug|Any CPU.ActiveCfg = Debug|Any CPU
		{64CFB668-5F86-4113-8269-26A30CBA4F94}.Debug|Any CPU.Build.0 = Debug|Any CPU
		{64CFB668-5F86-4113-8269-26A30CBA4F94}.Debug|x64.ActiveCfg = Debug|Any CPU
		{64CFB668-5F86-4113-8269-26A30CBA4F94}.Debug|x64.Build.0 = Debug|Any CPU
		{64CFB668-5F86-4113-8269-26A30CBA4F94}.Debug|x86.ActiveCfg = Debug|Any CPU
		{64CFB668-5F86-4113-8269-26A30CBA4F94}.Debug|x86.Build.0 = Debug|Any CPU
		{64CFB668-5F86-4113-8269-26A30CBA4F94}.Release|Any CPU.ActiveCfg = Release|Any CPU
		{64CFB668-5F86-4113-8269-26A30CBA4F94}.Release|Any CPU.Build.0 = Release|Any CPU
		{64CFB668-5F86-4113-8269-26A30CBA4F94}.Release|x64.ActiveCfg = Release|Any CPU
		{64CFB668-5F86-4113-8269-26A30CBA4F94}.Release|x64.Build.0 = Release|Any CPU
		{64CFB668-5F86-4113-8269-26A30CBA4F94}.Release|x86.ActiveCfg = Release|Any CPU
		{64CFB668-5F86-4113-8269-26A30CBA4F94}.Release|x86.Build.0 = Release|Any CPU
		{9BF9F2A5-750C-442D-ABFD-50B3D382AFFF}.Debug|Any CPU.ActiveCfg = Debug|Any CPU
		{9BF9F2A5-750C-442D-ABFD-50B3D382AFFF}.Debug|Any CPU.Build.0 = Debug|Any CPU
		{9BF9F2A5-750C-442D-ABFD-50B3D382AFFF}.Debug|x64.ActiveCfg = Debug|Any CPU
		{9BF9F2A5-750C-442D-ABFD-50B3D382AFFF}.Debug|x64.Build.0 = Debug|Any CPU
		{9BF9F2A5-750C-442D-ABFD-50B3D382AFFF}.Debug|x86.ActiveCfg = Debug|Any CPU
		{9BF9F2A5-750C-442D-ABFD-50B3D382AFFF}.Debug|x86.Build.0 = Debug|Any CPU
		{9BF9F2A5-750C-442D-ABFD-50B3D382AFFF}.Release|Any CPU.ActiveCfg = Release|Any CPU
		{9BF9F2A5-750C-442D-ABFD-50B3D382AFFF}.Release|Any CPU.Build.0 = Release|Any CPU
		{9BF9F2A5-750C-442D-ABFD-50B3D382AFFF}.Release|x64.ActiveCfg = Release|Any CPU
		{9BF9F2A5-750C-442D-ABFD-50B3D382AFFF}.Release|x64.Build.0 = Release|Any CPU
		{9BF9F2A5-750C-442D-ABFD-50B3D382AFFF}.Release|x86.ActiveCfg = Release|Any CPU
		{9BF9F2A5-750C-442D-ABFD-50B3D382AFFF}.Release|x86.Build.0 = Release|Any CPU
		{EBF376FE-6825-4F09-A896-71C68F1493CF}.Debug|Any CPU.ActiveCfg = Debug|Any CPU
		{EBF376FE-6825-4F09-A896-71C68F1493CF}.Debug|Any CPU.Build.0 = Debug|Any CPU
		{EBF376FE-6825-4F09-A896-71C68F1493CF}.Debug|x64.ActiveCfg = Debug|Any CPU
		{EBF376FE-6825-4F09-A896-71C68F1493CF}.Debug|x64.Build.0 = Debug|Any CPU
		{EBF376FE-6825-4F09-A896-71C68F1493CF}.Debug|x86.ActiveCfg = Debug|Any CPU
		{EBF376FE-6825-4F09-A896-71C68F1493CF}.Debug|x86.Build.0 = Debug|Any CPU
		{EBF376FE-6825-4F09-A896-71C68F1493CF}.Release|Any CPU.ActiveCfg = Release|Any CPU
		{EBF376FE-6825-4F09-A896-71C68F1493CF}.Release|Any CPU.Build.0 = Release|Any CPU
		{EBF376FE-6825-4F09-A896-71C68F1493CF}.Release|x64.ActiveCfg = Release|Any CPU
		{EBF376FE-6825-4F09-A896-71C68F1493CF}.Release|x64.Build.0 = Release|Any CPU
		{EBF376FE-6825-4F09-A896-71C68F1493CF}.Release|x86.ActiveCfg = Release|Any CPU
		{EBF376FE-6825-4F09-A896-71C68F1493CF}.Release|x86.Build.0 = Release|Any CPU
		{B22A3CCC-ECE0-4471-8B5F-5FCAF96D05F0}.Debug|Any CPU.ActiveCfg = Debug|Any CPU
		{B22A3CCC-ECE0-4471-8B5F-5FCAF96D05F0}.Debug|Any CPU.Build.0 = Debug|Any CPU
		{B22A3CCC-ECE0-4471-8B5F-5FCAF96D05F0}.Debug|x64.ActiveCfg = Debug|Any CPU
		{B22A3CCC-ECE0-4471-8B5F-5FCAF96D05F0}.Debug|x64.Build.0 = Debug|Any CPU
		{B22A3CCC-ECE0-4471-8B5F-5FCAF96D05F0}.Debug|x86.ActiveCfg = Debug|Any CPU
		{B22A3CCC-ECE0-4471-8B5F-5FCAF96D05F0}.Debug|x86.Build.0 = Debug|Any CPU
		{B22A3CCC-ECE0-4471-8B5F-5FCAF96D05F0}.Release|Any CPU.ActiveCfg = Release|Any CPU
		{B22A3CCC-ECE0-4471-8B5F-5FCAF96D05F0}.Release|Any CPU.Build.0 = Release|Any CPU
		{B22A3CCC-ECE0-4471-8B5F-5FCAF96D05F0}.Release|x64.ActiveCfg = Release|Any CPU
		{B22A3CCC-ECE0-4471-8B5F-5FCAF96D05F0}.Release|x64.Build.0 = Release|Any CPU
		{B22A3CCC-ECE0-4471-8B5F-5FCAF96D05F0}.Release|x86.ActiveCfg = Release|Any CPU
		{B22A3CCC-ECE0-4471-8B5F-5FCAF96D05F0}.Release|x86.Build.0 = Release|Any CPU
		{DEC7A700-D03D-449E-81E9-69E535B65A1E}.Debug|Any CPU.ActiveCfg = Debug|Any CPU
		{DEC7A700-D03D-449E-81E9-69E535B65A1E}.Debug|Any CPU.Build.0 = Debug|Any CPU
		{DEC7A700-D03D-449E-81E9-69E535B65A1E}.Debug|x64.ActiveCfg = Debug|Any CPU
		{DEC7A700-D03D-449E-81E9-69E535B65A1E}.Debug|x64.Build.0 = Debug|Any CPU
		{DEC7A700-D03D-449E-81E9-69E535B65A1E}.Debug|x86.ActiveCfg = Debug|Any CPU
		{DEC7A700-D03D-449E-81E9-69E535B65A1E}.Debug|x86.Build.0 = Debug|Any CPU
		{DEC7A700-D03D-449E-81E9-69E535B65A1E}.Release|Any CPU.ActiveCfg = Release|Any CPU
		{DEC7A700-D03D-449E-81E9-69E535B65A1E}.Release|Any CPU.Build.0 = Release|Any CPU
		{DEC7A700-D03D-449E-81E9-69E535B65A1E}.Release|x64.ActiveCfg = Release|Any CPU
		{DEC7A700-D03D-449E-81E9-69E535B65A1E}.Release|x64.Build.0 = Release|Any CPU
		{DEC7A700-D03D-449E-81E9-69E535B65A1E}.Release|x86.ActiveCfg = Release|Any CPU
		{DEC7A700-D03D-449E-81E9-69E535B65A1E}.Release|x86.Build.0 = Release|Any CPU
		{1F62D19F-956F-4F12-8490-20B862E0B0AC}.Debug|Any CPU.ActiveCfg = Debug|Any CPU
		{1F62D19F-956F-4F12-8490-20B862E0B0AC}.Debug|Any CPU.Build.0 = Debug|Any CPU
		{1F62D19F-956F-4F12-8490-20B862E0B0AC}.Debug|x64.ActiveCfg = Debug|Any CPU
		{1F62D19F-956F-4F12-8490-20B862E0B0AC}.Debug|x64.Build.0 = Debug|Any CPU
		{1F62D19F-956F-4F12-8490-20B862E0B0AC}.Debug|x86.ActiveCfg = Debug|Any CPU
		{1F62D19F-956F-4F12-8490-20B862E0B0AC}.Debug|x86.Build.0 = Debug|Any CPU
		{1F62D19F-956F-4F12-8490-20B862E0B0AC}.Release|Any CPU.ActiveCfg = Release|Any CPU
		{1F62D19F-956F-4F12-8490-20B862E0B0AC}.Release|Any CPU.Build.0 = Release|Any CPU
		{1F62D19F-956F-4F12-8490-20B862E0B0AC}.Release|x64.ActiveCfg = Release|Any CPU
		{1F62D19F-956F-4F12-8490-20B862E0B0AC}.Release|x64.Build.0 = Release|Any CPU
		{1F62D19F-956F-4F12-8490-20B862E0B0AC}.Release|x86.ActiveCfg = Release|Any CPU
		{1F62D19F-956F-4F12-8490-20B862E0B0AC}.Release|x86.Build.0 = Release|Any CPU
		{5CA66B65-06E8-408D-9F6A-44E02675F403}.Debug|Any CPU.ActiveCfg = Debug|Any CPU
		{5CA66B65-06E8-408D-9F6A-44E02675F403}.Debug|Any CPU.Build.0 = Debug|Any CPU
		{5CA66B65-06E8-408D-9F6A-44E02675F403}.Debug|x64.ActiveCfg = Debug|Any CPU
		{5CA66B65-06E8-408D-9F6A-44E02675F403}.Debug|x64.Build.0 = Debug|Any CPU
		{5CA66B65-06E8-408D-9F6A-44E02675F403}.Debug|x86.ActiveCfg = Debug|Any CPU
		{5CA66B65-06E8-408D-9F6A-44E02675F403}.Debug|x86.Build.0 = Debug|Any CPU
		{5CA66B65-06E8-408D-9F6A-44E02675F403}.Release|Any CPU.ActiveCfg = Release|Any CPU
		{5CA66B65-06E8-408D-9F6A-44E02675F403}.Release|Any CPU.Build.0 = Release|Any CPU
		{5CA66B65-06E8-408D-9F6A-44E02675F403}.Release|x64.ActiveCfg = Release|Any CPU
		{5CA66B65-06E8-408D-9F6A-44E02675F403}.Release|x64.Build.0 = Release|Any CPU
		{5CA66B65-06E8-408D-9F6A-44E02675F403}.Release|x86.ActiveCfg = Release|Any CPU
		{5CA66B65-06E8-408D-9F6A-44E02675F403}.Release|x86.Build.0 = Release|Any CPU
		{5AF3A415-BC1B-45D3-8CE9-B1D6284362CF}.Debug|Any CPU.ActiveCfg = Debug|Any CPU
		{5AF3A415-BC1B-45D3-8CE9-B1D6284362CF}.Debug|Any CPU.Build.0 = Debug|Any CPU
		{5AF3A415-BC1B-45D3-8CE9-B1D6284362CF}.Debug|x64.ActiveCfg = Debug|Any CPU
		{5AF3A415-BC1B-45D3-8CE9-B1D6284362CF}.Debug|x64.Build.0 = Debug|Any CPU
		{5AF3A415-BC1B-45D3-8CE9-B1D6284362CF}.Debug|x86.ActiveCfg = Debug|Any CPU
		{5AF3A415-BC1B-45D3-8CE9-B1D6284362CF}.Debug|x86.Build.0 = Debug|Any CPU
		{5AF3A415-BC1B-45D3-8CE9-B1D6284362CF}.Release|Any CPU.ActiveCfg = Release|Any CPU
		{5AF3A415-BC1B-45D3-8CE9-B1D6284362CF}.Release|Any CPU.Build.0 = Release|Any CPU
		{5AF3A415-BC1B-45D3-8CE9-B1D6284362CF}.Release|x64.ActiveCfg = Release|Any CPU
		{5AF3A415-BC1B-45D3-8CE9-B1D6284362CF}.Release|x64.Build.0 = Release|Any CPU
		{5AF3A415-BC1B-45D3-8CE9-B1D6284362CF}.Release|x86.ActiveCfg = Release|Any CPU
		{5AF3A415-BC1B-45D3-8CE9-B1D6284362CF}.Release|x86.Build.0 = Release|Any CPU
		{AD3067C0-259B-420C-B3BD-F76C3C047EC9}.Debug|Any CPU.ActiveCfg = Debug|Any CPU
		{AD3067C0-259B-420C-B3BD-F76C3C047EC9}.Debug|Any CPU.Build.0 = Debug|Any CPU
		{AD3067C0-259B-420C-B3BD-F76C3C047EC9}.Debug|x64.ActiveCfg = Debug|Any CPU
		{AD3067C0-259B-420C-B3BD-F76C3C047EC9}.Debug|x64.Build.0 = Debug|Any CPU
		{AD3067C0-259B-420C-B3BD-F76C3C047EC9}.Debug|x86.ActiveCfg = Debug|Any CPU
		{AD3067C0-259B-420C-B3BD-F76C3C047EC9}.Debug|x86.Build.0 = Debug|Any CPU
		{AD3067C0-259B-420C-B3BD-F76C3C047EC9}.Release|Any CPU.ActiveCfg = Release|Any CPU
		{AD3067C0-259B-420C-B3BD-F76C3C047EC9}.Release|Any CPU.Build.0 = Release|Any CPU
		{AD3067C0-259B-420C-B3BD-F76C3C047EC9}.Release|x64.ActiveCfg = Release|Any CPU
		{AD3067C0-259B-420C-B3BD-F76C3C047EC9}.Release|x64.Build.0 = Release|Any CPU
		{AD3067C0-259B-420C-B3BD-F76C3C047EC9}.Release|x86.ActiveCfg = Release|Any CPU
		{AD3067C0-259B-420C-B3BD-F76C3C047EC9}.Release|x86.Build.0 = Release|Any CPU
		{414FA4E2-71B5-4230-9C61-54CE1EE43AF0}.Debug|Any CPU.ActiveCfg = Debug|Any CPU
		{414FA4E2-71B5-4230-9C61-54CE1EE43AF0}.Debug|Any CPU.Build.0 = Debug|Any CPU
		{414FA4E2-71B5-4230-9C61-54CE1EE43AF0}.Debug|x64.ActiveCfg = Debug|Any CPU
		{414FA4E2-71B5-4230-9C61-54CE1EE43AF0}.Debug|x64.Build.0 = Debug|Any CPU
		{414FA4E2-71B5-4230-9C61-54CE1EE43AF0}.Debug|x86.ActiveCfg = Debug|Any CPU
		{414FA4E2-71B5-4230-9C61-54CE1EE43AF0}.Debug|x86.Build.0 = Debug|Any CPU
		{414FA4E2-71B5-4230-9C61-54CE1EE43AF0}.Release|Any CPU.ActiveCfg = Release|Any CPU
		{414FA4E2-71B5-4230-9C61-54CE1EE43AF0}.Release|Any CPU.Build.0 = Release|Any CPU
		{414FA4E2-71B5-4230-9C61-54CE1EE43AF0}.Release|x64.ActiveCfg = Release|Any CPU
		{414FA4E2-71B5-4230-9C61-54CE1EE43AF0}.Release|x64.Build.0 = Release|Any CPU
		{414FA4E2-71B5-4230-9C61-54CE1EE43AF0}.Release|x86.ActiveCfg = Release|Any CPU
		{414FA4E2-71B5-4230-9C61-54CE1EE43AF0}.Release|x86.Build.0 = Release|Any CPU
		{8B722F99-259C-4C8D-9348-35891051884D}.Debug|Any CPU.ActiveCfg = Debug|Any CPU
		{8B722F99-259C-4C8D-9348-35891051884D}.Debug|Any CPU.Build.0 = Debug|Any CPU
		{8B722F99-259C-4C8D-9348-35891051884D}.Debug|x64.ActiveCfg = Debug|Any CPU
		{8B722F99-259C-4C8D-9348-35891051884D}.Debug|x64.Build.0 = Debug|Any CPU
		{8B722F99-259C-4C8D-9348-35891051884D}.Debug|x86.ActiveCfg = Debug|Any CPU
		{8B722F99-259C-4C8D-9348-35891051884D}.Debug|x86.Build.0 = Debug|Any CPU
		{8B722F99-259C-4C8D-9348-35891051884D}.Release|Any CPU.ActiveCfg = Release|Any CPU
		{8B722F99-259C-4C8D-9348-35891051884D}.Release|Any CPU.Build.0 = Release|Any CPU
		{8B722F99-259C-4C8D-9348-35891051884D}.Release|x64.ActiveCfg = Release|Any CPU
		{8B722F99-259C-4C8D-9348-35891051884D}.Release|x64.Build.0 = Release|Any CPU
		{8B722F99-259C-4C8D-9348-35891051884D}.Release|x86.ActiveCfg = Release|Any CPU
		{8B722F99-259C-4C8D-9348-35891051884D}.Release|x86.Build.0 = Release|Any CPU
		{360BB62C-FBFF-4949-874D-4B6927AECC31}.Debug|Any CPU.ActiveCfg = Debug|Any CPU
		{360BB62C-FBFF-4949-874D-4B6927AECC31}.Debug|Any CPU.Build.0 = Debug|Any CPU
		{360BB62C-FBFF-4949-874D-4B6927AECC31}.Debug|x64.ActiveCfg = Debug|Any CPU
		{360BB62C-FBFF-4949-874D-4B6927AECC31}.Debug|x64.Build.0 = Debug|Any CPU
		{360BB62C-FBFF-4949-874D-4B6927AECC31}.Debug|x86.ActiveCfg = Debug|Any CPU
		{360BB62C-FBFF-4949-874D-4B6927AECC31}.Debug|x86.Build.0 = Debug|Any CPU
		{360BB62C-FBFF-4949-874D-4B6927AECC31}.Release|Any CPU.ActiveCfg = Release|Any CPU
		{360BB62C-FBFF-4949-874D-4B6927AECC31}.Release|Any CPU.Build.0 = Release|Any CPU
		{360BB62C-FBFF-4949-874D-4B6927AECC31}.Release|x64.ActiveCfg = Release|Any CPU
		{360BB62C-FBFF-4949-874D-4B6927AECC31}.Release|x64.Build.0 = Release|Any CPU
		{360BB62C-FBFF-4949-874D-4B6927AECC31}.Release|x86.ActiveCfg = Release|Any CPU
		{360BB62C-FBFF-4949-874D-4B6927AECC31}.Release|x86.Build.0 = Release|Any CPU
		{091F7DA1-AB5A-400E-8188-D125F2A9AFE3}.Debug|Any CPU.ActiveCfg = Debug|Any CPU
		{091F7DA1-AB5A-400E-8188-D125F2A9AFE3}.Debug|Any CPU.Build.0 = Debug|Any CPU
		{091F7DA1-AB5A-400E-8188-D125F2A9AFE3}.Debug|x64.ActiveCfg = Debug|Any CPU
		{091F7DA1-AB5A-400E-8188-D125F2A9AFE3}.Debug|x64.Build.0 = Debug|Any CPU
		{091F7DA1-AB5A-400E-8188-D125F2A9AFE3}.Debug|x86.ActiveCfg = Debug|Any CPU
		{091F7DA1-AB5A-400E-8188-D125F2A9AFE3}.Debug|x86.Build.0 = Debug|Any CPU
		{091F7DA1-AB5A-400E-8188-D125F2A9AFE3}.Release|Any CPU.ActiveCfg = Release|Any CPU
		{091F7DA1-AB5A-400E-8188-D125F2A9AFE3}.Release|Any CPU.Build.0 = Release|Any CPU
		{091F7DA1-AB5A-400E-8188-D125F2A9AFE3}.Release|x64.ActiveCfg = Release|Any CPU
		{091F7DA1-AB5A-400E-8188-D125F2A9AFE3}.Release|x64.Build.0 = Release|Any CPU
		{091F7DA1-AB5A-400E-8188-D125F2A9AFE3}.Release|x86.ActiveCfg = Release|Any CPU
		{091F7DA1-AB5A-400E-8188-D125F2A9AFE3}.Release|x86.Build.0 = Release|Any CPU
		{F1291D47-163F-45AB-8723-0A3AEE957FFB}.Debug|Any CPU.ActiveCfg = Debug|Any CPU
		{F1291D47-163F-45AB-8723-0A3AEE957FFB}.Debug|Any CPU.Build.0 = Debug|Any CPU
		{F1291D47-163F-45AB-8723-0A3AEE957FFB}.Debug|x64.ActiveCfg = Debug|Any CPU
		{F1291D47-163F-45AB-8723-0A3AEE957FFB}.Debug|x64.Build.0 = Debug|Any CPU
		{F1291D47-163F-45AB-8723-0A3AEE957FFB}.Debug|x86.ActiveCfg = Debug|Any CPU
		{F1291D47-163F-45AB-8723-0A3AEE957FFB}.Debug|x86.Build.0 = Debug|Any CPU
		{F1291D47-163F-45AB-8723-0A3AEE957FFB}.Release|Any CPU.ActiveCfg = Release|Any CPU
		{F1291D47-163F-45AB-8723-0A3AEE957FFB}.Release|Any CPU.Build.0 = Release|Any CPU
		{F1291D47-163F-45AB-8723-0A3AEE957FFB}.Release|x64.ActiveCfg = Release|Any CPU
		{F1291D47-163F-45AB-8723-0A3AEE957FFB}.Release|x64.Build.0 = Release|Any CPU
		{F1291D47-163F-45AB-8723-0A3AEE957FFB}.Release|x86.ActiveCfg = Release|Any CPU
		{F1291D47-163F-45AB-8723-0A3AEE957FFB}.Release|x86.Build.0 = Release|Any CPU
		{577454D2-C57B-4711-A92B-CE8B21B75F81}.Debug|Any CPU.ActiveCfg = Debug|Any CPU
		{577454D2-C57B-4711-A92B-CE8B21B75F81}.Debug|Any CPU.Build.0 = Debug|Any CPU
		{577454D2-C57B-4711-A92B-CE8B21B75F81}.Debug|x64.ActiveCfg = Debug|Any CPU
		{577454D2-C57B-4711-A92B-CE8B21B75F81}.Debug|x64.Build.0 = Debug|Any CPU
		{577454D2-C57B-4711-A92B-CE8B21B75F81}.Debug|x86.ActiveCfg = Debug|Any CPU
		{577454D2-C57B-4711-A92B-CE8B21B75F81}.Debug|x86.Build.0 = Debug|Any CPU
		{577454D2-C57B-4711-A92B-CE8B21B75F81}.Release|Any CPU.ActiveCfg = Release|Any CPU
		{577454D2-C57B-4711-A92B-CE8B21B75F81}.Release|Any CPU.Build.0 = Release|Any CPU
		{577454D2-C57B-4711-A92B-CE8B21B75F81}.Release|x64.ActiveCfg = Release|Any CPU
		{577454D2-C57B-4711-A92B-CE8B21B75F81}.Release|x64.Build.0 = Release|Any CPU
		{577454D2-C57B-4711-A92B-CE8B21B75F81}.Release|x86.ActiveCfg = Release|Any CPU
		{577454D2-C57B-4711-A92B-CE8B21B75F81}.Release|x86.Build.0 = Release|Any CPU
		{A2FF4C32-C702-4581-813B-9D05ECF4E403}.Debug|Any CPU.ActiveCfg = Debug|Any CPU
		{A2FF4C32-C702-4581-813B-9D05ECF4E403}.Debug|Any CPU.Build.0 = Debug|Any CPU
		{A2FF4C32-C702-4581-813B-9D05ECF4E403}.Debug|x64.ActiveCfg = Debug|Any CPU
		{A2FF4C32-C702-4581-813B-9D05ECF4E403}.Debug|x64.Build.0 = Debug|Any CPU
		{A2FF4C32-C702-4581-813B-9D05ECF4E403}.Debug|x86.ActiveCfg = Debug|Any CPU
		{A2FF4C32-C702-4581-813B-9D05ECF4E403}.Debug|x86.Build.0 = Debug|Any CPU
		{A2FF4C32-C702-4581-813B-9D05ECF4E403}.Release|Any CPU.ActiveCfg = Release|Any CPU
		{A2FF4C32-C702-4581-813B-9D05ECF4E403}.Release|Any CPU.Build.0 = Release|Any CPU
		{A2FF4C32-C702-4581-813B-9D05ECF4E403}.Release|x64.ActiveCfg = Release|Any CPU
		{A2FF4C32-C702-4581-813B-9D05ECF4E403}.Release|x64.Build.0 = Release|Any CPU
		{A2FF4C32-C702-4581-813B-9D05ECF4E403}.Release|x86.ActiveCfg = Release|Any CPU
		{A2FF4C32-C702-4581-813B-9D05ECF4E403}.Release|x86.Build.0 = Release|Any CPU
		{401081CC-93D7-4FBE-A075-CDDC9ABF058C}.Debug|Any CPU.ActiveCfg = Debug|Any CPU
		{401081CC-93D7-4FBE-A075-CDDC9ABF058C}.Debug|Any CPU.Build.0 = Debug|Any CPU
		{401081CC-93D7-4FBE-A075-CDDC9ABF058C}.Debug|x64.ActiveCfg = Debug|Any CPU
		{401081CC-93D7-4FBE-A075-CDDC9ABF058C}.Debug|x64.Build.0 = Debug|Any CPU
		{401081CC-93D7-4FBE-A075-CDDC9ABF058C}.Debug|x86.ActiveCfg = Debug|Any CPU
		{401081CC-93D7-4FBE-A075-CDDC9ABF058C}.Debug|x86.Build.0 = Debug|Any CPU
		{401081CC-93D7-4FBE-A075-CDDC9ABF058C}.Release|Any CPU.ActiveCfg = Release|Any CPU
		{401081CC-93D7-4FBE-A075-CDDC9ABF058C}.Release|Any CPU.Build.0 = Release|Any CPU
		{401081CC-93D7-4FBE-A075-CDDC9ABF058C}.Release|x64.ActiveCfg = Release|Any CPU
		{401081CC-93D7-4FBE-A075-CDDC9ABF058C}.Release|x64.Build.0 = Release|Any CPU
		{401081CC-93D7-4FBE-A075-CDDC9ABF058C}.Release|x86.ActiveCfg = Release|Any CPU
		{401081CC-93D7-4FBE-A075-CDDC9ABF058C}.Release|x86.Build.0 = Release|Any CPU
		{75EB5D28-1CCA-48DC-96B5-E65EADC9422B}.Debug|Any CPU.ActiveCfg = Debug|Any CPU
		{75EB5D28-1CCA-48DC-96B5-E65EADC9422B}.Debug|Any CPU.Build.0 = Debug|Any CPU
		{75EB5D28-1CCA-48DC-96B5-E65EADC9422B}.Debug|x64.ActiveCfg = Debug|Any CPU
		{75EB5D28-1CCA-48DC-96B5-E65EADC9422B}.Debug|x64.Build.0 = Debug|Any CPU
		{75EB5D28-1CCA-48DC-96B5-E65EADC9422B}.Debug|x86.ActiveCfg = Debug|Any CPU
		{75EB5D28-1CCA-48DC-96B5-E65EADC9422B}.Debug|x86.Build.0 = Debug|Any CPU
		{75EB5D28-1CCA-48DC-96B5-E65EADC9422B}.Release|Any CPU.ActiveCfg = Release|Any CPU
		{75EB5D28-1CCA-48DC-96B5-E65EADC9422B}.Release|Any CPU.Build.0 = Release|Any CPU
		{75EB5D28-1CCA-48DC-96B5-E65EADC9422B}.Release|x64.ActiveCfg = Release|Any CPU
		{75EB5D28-1CCA-48DC-96B5-E65EADC9422B}.Release|x64.Build.0 = Release|Any CPU
		{75EB5D28-1CCA-48DC-96B5-E65EADC9422B}.Release|x86.ActiveCfg = Release|Any CPU
		{75EB5D28-1CCA-48DC-96B5-E65EADC9422B}.Release|x86.Build.0 = Release|Any CPU
		{C8E294B7-CF3C-402F-BC03-836C0411BB36}.Debug|Any CPU.ActiveCfg = Debug|Any CPU
		{C8E294B7-CF3C-402F-BC03-836C0411BB36}.Debug|Any CPU.Build.0 = Debug|Any CPU
		{C8E294B7-CF3C-402F-BC03-836C0411BB36}.Debug|x64.ActiveCfg = Debug|Any CPU
		{C8E294B7-CF3C-402F-BC03-836C0411BB36}.Debug|x64.Build.0 = Debug|Any CPU
		{C8E294B7-CF3C-402F-BC03-836C0411BB36}.Debug|x86.ActiveCfg = Debug|Any CPU
		{C8E294B7-CF3C-402F-BC03-836C0411BB36}.Debug|x86.Build.0 = Debug|Any CPU
		{C8E294B7-CF3C-402F-BC03-836C0411BB36}.Release|Any CPU.ActiveCfg = Release|Any CPU
		{C8E294B7-CF3C-402F-BC03-836C0411BB36}.Release|Any CPU.Build.0 = Release|Any CPU
		{C8E294B7-CF3C-402F-BC03-836C0411BB36}.Release|x64.ActiveCfg = Release|Any CPU
		{C8E294B7-CF3C-402F-BC03-836C0411BB36}.Release|x64.Build.0 = Release|Any CPU
		{C8E294B7-CF3C-402F-BC03-836C0411BB36}.Release|x86.ActiveCfg = Release|Any CPU
		{C8E294B7-CF3C-402F-BC03-836C0411BB36}.Release|x86.Build.0 = Release|Any CPU
	EndGlobalSection
	GlobalSection(NestedProjects) = preSolution
		{1F66D6B2-BBD3-4B2A-A63C-EC148774CEA3} = {7DB5E77B-E81C-49A9-A753-84B3A41B32AC}
		{8FC08B20-BF0D-4A76-96F9-95932D2C33CF} = {1F66D6B2-BBD3-4B2A-A63C-EC148774CEA3}
		{2706A1A7-EA86-4FE2-9118-271411338065} = {8FC08B20-BF0D-4A76-96F9-95932D2C33CF}
		{025C8DB9-8130-4264-857B-720F2230B502} = {7DB5E77B-E81C-49A9-A753-84B3A41B32AC}
		{171A9516-94B5-4587-A500-AEBCF6E5D70F} = {025C8DB9-8130-4264-857B-720F2230B502}
		{A2D1815E-70E7-4C45-B350-D9AD09715D8E} = {171A9516-94B5-4587-A500-AEBCF6E5D70F}
		{B4A98108-ADC3-43D9-8531-0EE61F324A39} = {7DB5E77B-E81C-49A9-A753-84B3A41B32AC}
		{A7067BCE-61B5-4B86-9313-63C5D918E02B} = {B4A98108-ADC3-43D9-8531-0EE61F324A39}
		{162B4C04-480D-402D-8576-CB1C86155AEC} = {A7067BCE-61B5-4B86-9313-63C5D918E02B}
		{B1DC2A36-6CB0-4C1B-9502-56983EA8A6EF} = {7DB5E77B-E81C-49A9-A753-84B3A41B32AC}
		{160A3A98-B1A7-407D-8E47-BDCE611DCC00} = {B1DC2A36-6CB0-4C1B-9502-56983EA8A6EF}
		{779DB0A1-1A07-444C-88CB-8CB886CE5593} = {160A3A98-B1A7-407D-8E47-BDCE611DCC00}
		{E47F820C-1670-44B4-9F07-B858DA77DCA3} = {7DB5E77B-E81C-49A9-A753-84B3A41B32AC}
		{6DB20569-F9EE-408E-8B39-B419ABC90023} = {E47F820C-1670-44B4-9F07-B858DA77DCA3}
		{A02E99FB-0AE9-4229-AB06-A33FAE7AC870} = {6DB20569-F9EE-408E-8B39-B419ABC90023}
		{D6294DF9-57AB-4EAD-816F-5FFECF519298} = {7DB5E77B-E81C-49A9-A753-84B3A41B32AC}
		{46B6F556-379F-4EC0-85EA-AD34F65CE84A} = {D6294DF9-57AB-4EAD-816F-5FFECF519298}
		{C70F3BB0-01F5-44B5-972C-A19A965943D0} = {46B6F556-379F-4EC0-85EA-AD34F65CE84A}
		{4D0CC7CD-FAC0-496F-B1D2-9110BC4D35B1} = {7DB5E77B-E81C-49A9-A753-84B3A41B32AC}
		{BAE4985D-B70F-478F-BA67-5467B50B25B1} = {4D0CC7CD-FAC0-496F-B1D2-9110BC4D35B1}
		{B2ECC8C3-8E0F-4C62-95F8-5C91DCBD94B7} = {BAE4985D-B70F-478F-BA67-5467B50B25B1}
		{A6A5266C-8C6B-41FD-83DE-BAB03657A16F} = {7DB5E77B-E81C-49A9-A753-84B3A41B32AC}
		{1C5E696A-9523-4C63-8BD7-C1D81B5C16FD} = {A6A5266C-8C6B-41FD-83DE-BAB03657A16F}
		{64CFB668-5F86-4113-8269-26A30CBA4F94} = {1C5E696A-9523-4C63-8BD7-C1D81B5C16FD}
		{C4E5FA6C-301E-455F-98ED-832F0B811B88} = {7DB5E77B-E81C-49A9-A753-84B3A41B32AC}
		{C9BEBD5A-A020-4E48-8ED1-C097F96FBB39} = {C4E5FA6C-301E-455F-98ED-832F0B811B88}
		{9BF9F2A5-750C-442D-ABFD-50B3D382AFFF} = {C9BEBD5A-A020-4E48-8ED1-C097F96FBB39}
		{594FEAE5-B577-40E4-9E36-1B7CBCC75566} = {7DB5E77B-E81C-49A9-A753-84B3A41B32AC}
		{B1878F9F-1363-4F8B-B9BB-21FDCD865AF5} = {594FEAE5-B577-40E4-9E36-1B7CBCC75566}
		{EBF376FE-6825-4F09-A896-71C68F1493CF} = {B1878F9F-1363-4F8B-B9BB-21FDCD865AF5}
		{91021953-B5C2-4C1A-B602-2BD6EF32C7F0} = {7DB5E77B-E81C-49A9-A753-84B3A41B32AC}
		{7F129C95-12CD-4A52-9B7B-42ADA9E29D7A} = {91021953-B5C2-4C1A-B602-2BD6EF32C7F0}
		{B22A3CCC-ECE0-4471-8B5F-5FCAF96D05F0} = {7F129C95-12CD-4A52-9B7B-42ADA9E29D7A}
		{640BE8A7-DA0C-4046-A236-A1B51747F03B} = {7DB5E77B-E81C-49A9-A753-84B3A41B32AC}
		{9DCAE31E-D97F-4BA0-8CE3-83DD7DEE9E91} = {640BE8A7-DA0C-4046-A236-A1B51747F03B}
		{DEC7A700-D03D-449E-81E9-69E535B65A1E} = {9DCAE31E-D97F-4BA0-8CE3-83DD7DEE9E91}
		{6979F09F-70FA-400F-AF14-A5BEBC68D26E} = {7DB5E77B-E81C-49A9-A753-84B3A41B32AC}
		{BE698E73-8789-4F8C-8ADA-77DAF068ED08} = {6979F09F-70FA-400F-AF14-A5BEBC68D26E}
		{1F62D19F-956F-4F12-8490-20B862E0B0AC} = {BE698E73-8789-4F8C-8ADA-77DAF068ED08}
		{4AD9BFF4-87A6-4B35-9A41-F78ED87F3F58} = {7DB5E77B-E81C-49A9-A753-84B3A41B32AC}
		{E87A691B-0176-4404-84B5-31E71C6A0BB8} = {4AD9BFF4-87A6-4B35-9A41-F78ED87F3F58}
		{5CA66B65-06E8-408D-9F6A-44E02675F403} = {E87A691B-0176-4404-84B5-31E71C6A0BB8}
		{33077EF5-E49F-42A1-862F-586A82B72857} = {7DB5E77B-E81C-49A9-A753-84B3A41B32AC}
		{A29A3BAB-1276-4D45-8A9D-55B6216D0828} = {33077EF5-E49F-42A1-862F-586A82B72857}
		{5AF3A415-BC1B-45D3-8CE9-B1D6284362CF} = {A29A3BAB-1276-4D45-8A9D-55B6216D0828}
		{7B1A52C0-360C-43F0-8170-667C47B4897F} = {7DB5E77B-E81C-49A9-A753-84B3A41B32AC}
		{70F260BB-5D76-4849-8C82-61B2B4B7FC99} = {7B1A52C0-360C-43F0-8170-667C47B4897F}
		{AD3067C0-259B-420C-B3BD-F76C3C047EC9} = {70F260BB-5D76-4849-8C82-61B2B4B7FC99}
		{73B14566-51E6-4E5A-9460-030DDB45E521} = {7DB5E77B-E81C-49A9-A753-84B3A41B32AC}
		{232939BD-CD9D-4EE9-B13C-14D8EC0D1D6A} = {73B14566-51E6-4E5A-9460-030DDB45E521}
		{414FA4E2-71B5-4230-9C61-54CE1EE43AF0} = {232939BD-CD9D-4EE9-B13C-14D8EC0D1D6A}
		{7725C70A-8267-4E61-AE2C-74E52A7B6DF7} = {7DB5E77B-E81C-49A9-A753-84B3A41B32AC}
		{373C7A4F-6A48-4DF9-8387-0DCDB8970215} = {7725C70A-8267-4E61-AE2C-74E52A7B6DF7}
		{8B722F99-259C-4C8D-9348-35891051884D} = {373C7A4F-6A48-4DF9-8387-0DCDB8970215}
		{EEAAF9E3-99CE-436D-9984-8A16CC3A89FF} = {7DB5E77B-E81C-49A9-A753-84B3A41B32AC}
		{6DD87808-EA39-4F4C-87B8-6A42E5D0D01F} = {EEAAF9E3-99CE-436D-9984-8A16CC3A89FF}
		{360BB62C-FBFF-4949-874D-4B6927AECC31} = {6DD87808-EA39-4F4C-87B8-6A42E5D0D01F}
		{08E0E1A1-2B50-4D66-8045-D8EFE755CF16} = {7DB5E77B-E81C-49A9-A753-84B3A41B32AC}
		{B574EE27-511C-4F41-A776-2B47DCF0A5E9} = {08E0E1A1-2B50-4D66-8045-D8EFE755CF16}
		{091F7DA1-AB5A-400E-8188-D125F2A9AFE3} = {B574EE27-511C-4F41-A776-2B47DCF0A5E9}
		{37123CA2-C9CE-4AE3-A255-62DC5AD8874E} = {7DB5E77B-E81C-49A9-A753-84B3A41B32AC}
		{D9661716-18FF-4C90-BEBD-09AA4B1451A1} = {37123CA2-C9CE-4AE3-A255-62DC5AD8874E}
		{F1291D47-163F-45AB-8723-0A3AEE957FFB} = {D9661716-18FF-4C90-BEBD-09AA4B1451A1}
		{817CD7C2-1F82-4D21-B4CC-488B9C5C3D6F} = {7DB5E77B-E81C-49A9-A753-84B3A41B32AC}
		{5A2824DE-BF64-4CBC-9406-AF3559F7697F} = {817CD7C2-1F82-4D21-B4CC-488B9C5C3D6F}
		{577454D2-C57B-4711-A92B-CE8B21B75F81} = {5A2824DE-BF64-4CBC-9406-AF3559F7697F}
		{7BF2E88B-8E56-461B-9CA6-A58FED51915B} = {7DB5E77B-E81C-49A9-A753-84B3A41B32AC}
		{F0620B05-52B5-4B5B-8271-FCBB14A76F35} = {7BF2E88B-8E56-461B-9CA6-A58FED51915B}
		{A2FF4C32-C702-4581-813B-9D05ECF4E403} = {F0620B05-52B5-4B5B-8271-FCBB14A76F35}
		{8C54107A-F196-457B-9A94-B0C81C29F134} = {7DB5E77B-E81C-49A9-A753-84B3A41B32AC}
		{A89A34D8-71E5-4B83-9CF4-B23D66917164} = {8C54107A-F196-457B-9A94-B0C81C29F134}
		{401081CC-93D7-4FBE-A075-CDDC9ABF058C} = {A89A34D8-71E5-4B83-9CF4-B23D66917164}
		{21D5456A-4FE1-4CD8-8E2C-53D94C8DE31E} = {7DB5E77B-E81C-49A9-A753-84B3A41B32AC}
		{50280294-D3CC-41AA-AD74-085CE489A0D3} = {21D5456A-4FE1-4CD8-8E2C-53D94C8DE31E}
		{75EB5D28-1CCA-48DC-96B5-E65EADC9422B} = {50280294-D3CC-41AA-AD74-085CE489A0D3}
		{B9E25F56-06BA-4F00-8ABF-62DCB28E5E5B} = {7DB5E77B-E81C-49A9-A753-84B3A41B32AC}
		{D3C5EF4F-27A9-4D79-A22C-2D9577C667FC} = {B9E25F56-06BA-4F00-8ABF-62DCB28E5E5B}
		{C8E294B7-CF3C-402F-BC03-836C0411BB36} = {D3C5EF4F-27A9-4D79-A22C-2D9577C667FC}
	EndGlobalSection
EndGlobal
